// !$*UTF8*$!
{
	archiveVersion = 1;
	classes = {
	};
	objectVersion = 46;
	objects = {

/* Begin PBXBuildFile section */
		03B3BFB31D5648C1003A69E1 /* 3dfx.c in Sources */ = {isa = PBXBuildFile; fileRef = 03B3BF141D5648C1003A69E1 /* 3dfx.c */; };
		03B3BFB41D5648C1003A69E1 /* ai.c in Sources */ = {isa = PBXBuildFile; fileRef = 03B3BF151D5648C1003A69E1 /* ai.c */; };
		03B3BFB51D5648C1003A69E1 /* ai2.c in Sources */ = {isa = PBXBuildFile; fileRef = 03B3BF171D5648C1003A69E1 /* ai2.c */; };
		03B3BFB61D5648C1003A69E1 /* aipath.c in Sources */ = {isa = PBXBuildFile; fileRef = 03B3BF181D5648C1003A69E1 /* aipath.c */; };
		03B3BFB71D5648C1003A69E1 /* automap.c in Sources */ = {isa = PBXBuildFile; fileRef = 03B3BF1A1D5648C1003A69E1 /* automap.c */; };
		03B3BFB81D5648C1003A69E1 /* bm.c in Sources */ = {isa = PBXBuildFile; fileRef = 03B3BF1C1D5648C1003A69E1 /* bm.c */; };
		03B3BFB91D5648C1003A69E1 /* bmread.c in Sources */ = {isa = PBXBuildFile; fileRef = 03B3BF1E1D5648C1003A69E1 /* bmread.c */; };
		03B3BFBA1D5648C1003A69E1 /* cdmix32.c in Sources */ = {isa = PBXBuildFile; fileRef = 03B3BF201D5648C1003A69E1 /* cdmix32.c */; };
		03B3BFBB1D5648C1003A69E1 /* cntrlcen.c in Sources */ = {isa = PBXBuildFile; fileRef = 03B3BF211D5648C1003A69E1 /* cntrlcen.c */; };
		03B3BFBC1D5648C1003A69E1 /* collide.c in Sources */ = {isa = PBXBuildFile; fileRef = 03B3BF231D5648C1003A69E1 /* collide.c */; };
		03B3BFBD1D5648C1003A69E1 /* config.c in Sources */ = {isa = PBXBuildFile; fileRef = 03B3BF261D5648C1003A69E1 /* config.c */; };
		03B3BFBE1D5648C1003A69E1 /* controls.c in Sources */ = {isa = PBXBuildFile; fileRef = 03B3BF281D5648C1003A69E1 /* controls.c */; };
		03B3BFBF1D5648C1003A69E1 /* credits.c in Sources */ = {isa = PBXBuildFile; fileRef = 03B3BF2A1D5648C1003A69E1 /* credits.c */; };
		03B3BFC01D5648C1003A69E1 /* crypt.c in Sources */ = {isa = PBXBuildFile; fileRef = 03B3BF2C1D5648C1003A69E1 /* crypt.c */; };
		03B3BFC11D5648C1003A69E1 /* dumpmine.c in Sources */ = {isa = PBXBuildFile; fileRef = 03B3BF301D5648C1003A69E1 /* dumpmine.c */; };
		03B3BFC21D5648C1003A69E1 /* effects.c in Sources */ = {isa = PBXBuildFile; fileRef = 03B3BF311D5648C1003A69E1 /* effects.c */; };
		03B3BFC31D5648C1003A69E1 /* endlevel.c in Sources */ = {isa = PBXBuildFile; fileRef = 03B3BF331D5648C1003A69E1 /* endlevel.c */; };
		03B3BFC41D5648C1003A69E1 /* escort.c in Sources */ = {isa = PBXBuildFile; fileRef = 03B3BF351D5648C1003A69E1 /* escort.c */; };
		03B3BFC51D5648C1003A69E1 /* fireball.c in Sources */ = {isa = PBXBuildFile; fileRef = 03B3BF371D5648C1003A69E1 /* fireball.c */; };
		03B3BFC61D5648C1003A69E1 /* fuelcen.c in Sources */ = {isa = PBXBuildFile; fileRef = 03B3BF391D5648C1003A69E1 /* fuelcen.c */; };
		03B3BFC71D5648C1003A69E1 /* fvi.c in Sources */ = {isa = PBXBuildFile; fileRef = 03B3BF3B1D5648C1003A69E1 /* fvi.c */; };
		03B3BFC81D5648C1003A69E1 /* game.c in Sources */ = {isa = PBXBuildFile; fileRef = 03B3BF3D1D5648C1003A69E1 /* game.c */; };
		03B3BFC91D5648C1003A69E1 /* gamecntl.c in Sources */ = {isa = PBXBuildFile; fileRef = 03B3BF3F1D5648C1003A69E1 /* gamecntl.c */; };
		03B3BFCA1D5648C1003A69E1 /* gamefont.c in Sources */ = {isa = PBXBuildFile; fileRef = 03B3BF401D5648C1003A69E1 /* gamefont.c */; };
		03B3BFCB1D5648C1003A69E1 /* gamemine.c in Sources */ = {isa = PBXBuildFile; fileRef = 03B3BF421D5648C1003A69E1 /* gamemine.c */; };
		03B3BFCC1D5648C1003A69E1 /* gamepal.c in Sources */ = {isa = PBXBuildFile; fileRef = 03B3BF441D5648C1003A69E1 /* gamepal.c */; };
		03B3BFCD1D5648C1003A69E1 /* gamerend.c in Sources */ = {isa = PBXBuildFile; fileRef = 03B3BF461D5648C1003A69E1 /* gamerend.c */; };
		03B3BFCE1D5648C1003A69E1 /* gamesave.c in Sources */ = {isa = PBXBuildFile; fileRef = 03B3BF471D5648C1003A69E1 /* gamesave.c */; };
		03B3BFCF1D5648C1003A69E1 /* gameseg.c in Sources */ = {isa = PBXBuildFile; fileRef = 03B3BF491D5648C1003A69E1 /* gameseg.c */; };
		03B3BFD01D5648C1003A69E1 /* gameseq.c in Sources */ = {isa = PBXBuildFile; fileRef = 03B3BF4B1D5648C1003A69E1 /* gameseq.c */; };
		03B3BFD11D5648C1003A69E1 /* gauges.c in Sources */ = {isa = PBXBuildFile; fileRef = 03B3BF4E1D5648C1003A69E1 /* gauges.c */; };
		03B3BFD21D5648C1003A69E1 /* hmp.c in Sources */ = {isa = PBXBuildFile; fileRef = 03B3BF501D5648C1003A69E1 /* hmp.c */; };
		03B3BFD31D5648C1003A69E1 /* hostage.c in Sources */ = {isa = PBXBuildFile; fileRef = 03B3BF521D5648C1003A69E1 /* hostage.c */; };
		03B3BFD41D5648C1003A69E1 /* hud.c in Sources */ = {isa = PBXBuildFile; fileRef = 03B3BF541D5648C1003A69E1 /* hud.c */; };
		03B3BFD51D5648C1003A69E1 /* iglasses.c in Sources */ = {isa = PBXBuildFile; fileRef = 03B3BF551D5648C1003A69E1 /* iglasses.c */; };
		03B3BFD61D5648C1003A69E1 /* inferno.c in Sources */ = {isa = PBXBuildFile; fileRef = 03B3BF571D5648C1003A69E1 /* inferno.c */; };
		03B3BFD71D5648C1003A69E1 /* digi.c in Sources */ = {isa = PBXBuildFile; fileRef = 03B3BF5A1D5648C1003A69E1 /* digi.c */; };
		03B3BFD81D5648C1003A69E1 /* hmp.c in Sources */ = {isa = PBXBuildFile; fileRef = 03B3BF5B1D5648C1003A69E1 /* hmp.c */; };
		03B3BFD91D5648C1003A69E1 /* joydefs.c in Sources */ = {isa = PBXBuildFile; fileRef = 03B3BF5C1D5648C1003A69E1 /* joydefs.c */; };
		03B3BFDA1D5648C1003A69E1 /* kconfig.c in Sources */ = {isa = PBXBuildFile; fileRef = 03B3BF5E1D5648C1003A69E1 /* kconfig.c */; };
		03B3BFDB1D5648C1003A69E1 /* kmatrix.c in Sources */ = {isa = PBXBuildFile; fileRef = 03B3BF601D5648C1003A69E1 /* kmatrix.c */; };
		03B3BFDC1D5648C1003A69E1 /* laser.c in Sources */ = {isa = PBXBuildFile; fileRef = 03B3BF621D5648C1003A69E1 /* laser.c */; };
		03B3BFDD1D5648C1003A69E1 /* lighting.c in Sources */ = {isa = PBXBuildFile; fileRef = 03B3BF641D5648C1003A69E1 /* lighting.c */; };
		03B3BFDE1D5648C1003A69E1 /* menu.c in Sources */ = {isa = PBXBuildFile; fileRef = 03B3BF661D5648C1003A69E1 /* menu.c */; };
		03B3BFDF1D5648C1003A69E1 /* mglobal.c in Sources */ = {isa = PBXBuildFile; fileRef = 03B3BF681D5648C1003A69E1 /* mglobal.c */; };
		03B3BFE01D5648C1003A69E1 /* mission.c in Sources */ = {isa = PBXBuildFile; fileRef = 03B3BF691D5648C1003A69E1 /* mission.c */; };
		03B3BFE11D5648C1003A69E1 /* modem.c in Sources */ = {isa = PBXBuildFile; fileRef = 03B3BF6B1D5648C1003A69E1 /* modem.c */; };
		03B3BFE21D5648C1003A69E1 /* morph.c in Sources */ = {isa = PBXBuildFile; fileRef = 03B3BF6D1D5648C1003A69E1 /* morph.c */; };
		03B3BFE31D5648C1003A69E1 /* movie.c in Sources */ = {isa = PBXBuildFile; fileRef = 03B3BF6F1D5648C1003A69E1 /* movie.c */; };
		03B3BFE41D5648C1003A69E1 /* multi.c in Sources */ = {isa = PBXBuildFile; fileRef = 03B3BF711D5648C1003A69E1 /* multi.c */; };
		03B3BFE51D5648C1003A69E1 /* multibot.c in Sources */ = {isa = PBXBuildFile; fileRef = 03B3BF731D5648C1003A69E1 /* multibot.c */; };
		03B3BFE61D5648C1003A69E1 /* netmisc.c in Sources */ = {isa = PBXBuildFile; fileRef = 03B3BF751D5648C1003A69E1 /* netmisc.c */; };
		03B3BFE71D5648C1003A69E1 /* network.c in Sources */ = {isa = PBXBuildFile; fileRef = 03B3BF771D5648C1003A69E1 /* network.c */; };
		03B3BFE81D5648C1003A69E1 /* newdemo.c in Sources */ = {isa = PBXBuildFile; fileRef = 03B3BF791D5648C1003A69E1 /* newdemo.c */; };
		03B3BFE91D5648C1003A69E1 /* newmenu.c in Sources */ = {isa = PBXBuildFile; fileRef = 03B3BF7B1D5648C1003A69E1 /* newmenu.c */; };
		03B3BFEA1D5648C1003A69E1 /* object.c in Sources */ = {isa = PBXBuildFile; fileRef = 03B3BF7D1D5648C1003A69E1 /* object.c */; };
		03B3BFEB1D5648C1003A69E1 /* paging.c in Sources */ = {isa = PBXBuildFile; fileRef = 03B3BF7F1D5648C1003A69E1 /* paging.c */; };
		03B3BFEC1D5648C1003A69E1 /* physics.c in Sources */ = {isa = PBXBuildFile; fileRef = 03B3BF811D5648C1003A69E1 /* physics.c */; };
		03B3BFED1D5648C1003A69E1 /* piggy.c in Sources */ = {isa = PBXBuildFile; fileRef = 03B3BF831D5648C1003A69E1 /* piggy.c */; };
		03B3BFEE1D5648C1003A69E1 /* playsave.c in Sources */ = {isa = PBXBuildFile; fileRef = 03B3BF861D5648C1003A69E1 /* playsave.c */; };
		03B3BFEF1D5648C1003A69E1 /* polyobj.c in Sources */ = {isa = PBXBuildFile; fileRef = 03B3BF881D5648C1003A69E1 /* polyobj.c */; };
		03B3BFF01D5648C1003A69E1 /* powerup.c in Sources */ = {isa = PBXBuildFile; fileRef = 03B3BF8A1D5648C1003A69E1 /* powerup.c */; };
		03B3BFF11D5648C1003A69E1 /* render.c in Sources */ = {isa = PBXBuildFile; fileRef = 03B3BF8C1D5648C1003A69E1 /* render.c */; };
		03B3BFF21D5648C1003A69E1 /* robot.c in Sources */ = {isa = PBXBuildFile; fileRef = 03B3BF8E1D5648C1003A69E1 /* robot.c */; };
		03B3BFF31D5648C1003A69E1 /* scores.c in Sources */ = {isa = PBXBuildFile; fileRef = 03B3BF901D5648C1003A69E1 /* scores.c */; };
		03B3BFF41D5648C1003A69E1 /* slew.c in Sources */ = {isa = PBXBuildFile; fileRef = 03B3BF961D5648C1003A69E1 /* slew.c */; };
		03B3BFF51D5648C1003A69E1 /* songs.c in Sources */ = {isa = PBXBuildFile; fileRef = 03B3BF981D5648C1003A69E1 /* songs.c */; };
		03B3BFF61D5648C1003A69E1 /* state.c in Sources */ = {isa = PBXBuildFile; fileRef = 03B3BF9B1D5648C1003A69E1 /* state.c */; };
		03B3BFF71D5648C1003A69E1 /* switch.c in Sources */ = {isa = PBXBuildFile; fileRef = 03B3BF9D1D5648C1003A69E1 /* switch.c */; };
		03B3BFF81D5648C1003A69E1 /* terrain.c in Sources */ = {isa = PBXBuildFile; fileRef = 03B3BF9F1D5648C1003A69E1 /* terrain.c */; };
		03B3BFF91D5648C1003A69E1 /* texmerge.c in Sources */ = {isa = PBXBuildFile; fileRef = 03B3BFA11D5648C1003A69E1 /* texmerge.c */; };
		03B3BFFA1D5648C1003A69E1 /* text.c in Sources */ = {isa = PBXBuildFile; fileRef = 03B3BFA31D5648C1003A69E1 /* text.c */; };
		03B3BFFB1D5648C1003A69E1 /* titles.c in Sources */ = {isa = PBXBuildFile; fileRef = 03B3BFA61D5648C1003A69E1 /* titles.c */; };
		03B3BFFC1D5648C1003A69E1 /* vclip.c in Sources */ = {isa = PBXBuildFile; fileRef = 03B3BFA81D5648C1003A69E1 /* vclip.c */; };
		03B3BFFD1D5648C1003A69E1 /* vfx.c in Sources */ = {isa = PBXBuildFile; fileRef = 03B3BFAB1D5648C1003A69E1 /* vfx.c */; };
		03B3BFFE1D5648C1003A69E1 /* victor.c in Sources */ = {isa = PBXBuildFile; fileRef = 03B3BFAD1D5648C1003A69E1 /* victor.c */; };
		03B3BFFF1D5648C1003A69E1 /* wall.c in Sources */ = {isa = PBXBuildFile; fileRef = 03B3BFAF1D5648C1003A69E1 /* wall.c */; };
		03B3C0001D5648C1003A69E1 /* weapon.c in Sources */ = {isa = PBXBuildFile; fileRef = 03B3BFB11D5648C1003A69E1 /* weapon.c */; };
/* End PBXBuildFile section */

/* Begin PBXCopyFilesBuildPhase section */
		038421951C83FEED00361C3C /* CopyFiles */ = {
			isa = PBXCopyFilesBuildPhase;
			buildActionMask = 2147483647;
			dstPath = "include/$(PRODUCT_NAME)";
			dstSubfolderSpec = 16;
			files = (
			);
			runOnlyForDeploymentPostprocessing = 0;
		};
/* End PBXCopyFilesBuildPhase section */

/* Begin PBXFileReference section */
		038421971C83FEED00361C3C /* libmain.a */ = {isa = PBXFileReference; explicitFileType = archive.ar; includeInIndex = 0; path = libmain.a; sourceTree = BUILT_PRODUCTS_DIR; };
		03B3BF131D5648C1003A69E1 /* 3dfx_des.h */ = {isa = PBXFileReference; fileEncoding = 4; lastKnownFileType = sourcecode.c.h; name = 3dfx_des.h; path = ../main/3dfx_des.h; sourceTree = "<group>"; };
		03B3BF141D5648C1003A69E1 /* 3dfx.c */ = {isa = PBXFileReference; fileEncoding = 4; lastKnownFileType = sourcecode.c.c; name = 3dfx.c; path = ../main/3dfx.c; sourceTree = "<group>"; };
		03B3BF151D5648C1003A69E1 /* ai.c */ = {isa = PBXFileReference; fileEncoding = 4; lastKnownFileType = sourcecode.c.c; name = ai.c; path = ../main/ai.c; sourceTree = "<group>"; };
		03B3BF161D5648C1003A69E1 /* ai.h */ = {isa = PBXFileReference; fileEncoding = 4; lastKnownFileType = sourcecode.c.h; name = ai.h; path = ../main/ai.h; sourceTree = "<group>"; };
		03B3BF171D5648C1003A69E1 /* ai2.c */ = {isa = PBXFileReference; fileEncoding = 4; lastKnownFileType = sourcecode.c.c; name = ai2.c; path = ../main/ai2.c; sourceTree = "<group>"; };
		03B3BF181D5648C1003A69E1 /* aipath.c */ = {isa = PBXFileReference; fileEncoding = 4; lastKnownFileType = sourcecode.c.c; name = aipath.c; path = ../main/aipath.c; sourceTree = "<group>"; };
		03B3BF191D5648C1003A69E1 /* aistruct.h */ = {isa = PBXFileReference; fileEncoding = 4; lastKnownFileType = sourcecode.c.h; name = aistruct.h; path = ../main/aistruct.h; sourceTree = "<group>"; };
		03B3BF1A1D5648C1003A69E1 /* automap.c */ = {isa = PBXFileReference; fileEncoding = 4; lastKnownFileType = sourcecode.c.c; name = automap.c; path = ../main/automap.c; sourceTree = "<group>"; };
		03B3BF1B1D5648C1003A69E1 /* automap.h */ = {isa = PBXFileReference; fileEncoding = 4; lastKnownFileType = sourcecode.c.h; name = automap.h; path = ../main/automap.h; sourceTree = "<group>"; };
		03B3BF1C1D5648C1003A69E1 /* bm.c */ = {isa = PBXFileReference; fileEncoding = 4; lastKnownFileType = sourcecode.c.c; name = bm.c; path = ../main/bm.c; sourceTree = "<group>"; };
		03B3BF1D1D5648C1003A69E1 /* bm.h */ = {isa = PBXFileReference; fileEncoding = 4; lastKnownFileType = sourcecode.c.h; name = bm.h; path = ../main/bm.h; sourceTree = "<group>"; };
		03B3BF1E1D5648C1003A69E1 /* bmread.c */ = {isa = PBXFileReference; fileEncoding = 4; lastKnownFileType = sourcecode.c.c; name = bmread.c; path = ../main/bmread.c; sourceTree = "<group>"; };
		03B3BF1F1D5648C1003A69E1 /* bmread.h */ = {isa = PBXFileReference; fileEncoding = 4; lastKnownFileType = sourcecode.c.h; name = bmread.h; path = ../main/bmread.h; sourceTree = "<group>"; };
		03B3BF201D5648C1003A69E1 /* cdmix32.c */ = {isa = PBXFileReference; fileEncoding = 4; lastKnownFileType = sourcecode.c.c; name = cdmix32.c; path = ../main/cdmix32.c; sourceTree = "<group>"; };
		03B3BF211D5648C1003A69E1 /* cntrlcen.c */ = {isa = PBXFileReference; fileEncoding = 4; lastKnownFileType = sourcecode.c.c; name = cntrlcen.c; path = ../main/cntrlcen.c; sourceTree = "<group>"; };
		03B3BF221D5648C1003A69E1 /* cntrlcen.h */ = {isa = PBXFileReference; fileEncoding = 4; lastKnownFileType = sourcecode.c.h; name = cntrlcen.h; path = ../main/cntrlcen.h; sourceTree = "<group>"; };
		03B3BF231D5648C1003A69E1 /* collide.c */ = {isa = PBXFileReference; fileEncoding = 4; lastKnownFileType = sourcecode.c.c; name = collide.c; path = ../main/collide.c; sourceTree = "<group>"; };
		03B3BF241D5648C1003A69E1 /* collide.h */ = {isa = PBXFileReference; fileEncoding = 4; lastKnownFileType = sourcecode.c.h; name = collide.h; path = ../main/collide.h; sourceTree = "<group>"; };
		03B3BF251D5648C1003A69E1 /* compbit.h */ = {isa = PBXFileReference; fileEncoding = 4; lastKnownFileType = sourcecode.c.h; name = compbit.h; path = ../main/compbit.h; sourceTree = "<group>"; };
		03B3BF261D5648C1003A69E1 /* config.c */ = {isa = PBXFileReference; fileEncoding = 4; lastKnownFileType = sourcecode.c.c; name = config.c; path = ../main/config.c; sourceTree = "<group>"; };
		03B3BF271D5648C1003A69E1 /* config.h */ = {isa = PBXFileReference; fileEncoding = 4; lastKnownFileType = sourcecode.c.h; name = config.h; path = ../main/config.h; sourceTree = "<group>"; };
		03B3BF281D5648C1003A69E1 /* controls.c */ = {isa = PBXFileReference; fileEncoding = 4; lastKnownFileType = sourcecode.c.c; name = controls.c; path = ../main/controls.c; sourceTree = "<group>"; };
		03B3BF291D5648C1003A69E1 /* controls.h */ = {isa = PBXFileReference; fileEncoding = 4; lastKnownFileType = sourcecode.c.h; name = controls.h; path = ../main/controls.h; sourceTree = "<group>"; };
		03B3BF2A1D5648C1003A69E1 /* credits.c */ = {isa = PBXFileReference; fileEncoding = 4; lastKnownFileType = sourcecode.c.c; name = credits.c; path = ../main/credits.c; sourceTree = "<group>"; };
		03B3BF2B1D5648C1003A69E1 /* credits.h */ = {isa = PBXFileReference; fileEncoding = 4; lastKnownFileType = sourcecode.c.h; name = credits.h; path = ../main/credits.h; sourceTree = "<group>"; };
		03B3BF2C1D5648C1003A69E1 /* crypt.c */ = {isa = PBXFileReference; fileEncoding = 4; lastKnownFileType = sourcecode.c.c; name = crypt.c; path = ../main/crypt.c; sourceTree = "<group>"; };
		03B3BF2D1D5648C1003A69E1 /* desc_id.h */ = {isa = PBXFileReference; fileEncoding = 4; lastKnownFileType = sourcecode.c.h; name = desc_id.h; path = ../main/desc_id.h; sourceTree = "<group>"; };
		03B3BF2E1D5648C1003A69E1 /* desw.h */ = {isa = PBXFileReference; fileEncoding = 4; lastKnownFileType = sourcecode.c.h; name = desw.h; path = ../main/desw.h; sourceTree = "<group>"; };
		03B3BF2F1D5648C1003A69E1 /* digi.h */ = {isa = PBXFileReference; fileEncoding = 4; lastKnownFileType = sourcecode.c.h; name = digi.h; path = ../main/digi.h; sourceTree = "<group>"; };
		03B3BF301D5648C1003A69E1 /* dumpmine.c */ = {isa = PBXFileReference; fileEncoding = 4; lastKnownFileType = sourcecode.c.c; name = dumpmine.c; path = ../main/dumpmine.c; sourceTree = "<group>"; };
		03B3BF311D5648C1003A69E1 /* effects.c */ = {isa = PBXFileReference; fileEncoding = 4; lastKnownFileType = sourcecode.c.c; name = effects.c; path = ../main/effects.c; sourceTree = "<group>"; };
		03B3BF321D5648C1003A69E1 /* effects.h */ = {isa = PBXFileReference; fileEncoding = 4; lastKnownFileType = sourcecode.c.h; name = effects.h; path = ../main/effects.h; sourceTree = "<group>"; };
		03B3BF331D5648C1003A69E1 /* endlevel.c */ = {isa = PBXFileReference; fileEncoding = 4; lastKnownFileType = sourcecode.c.c; name = endlevel.c; path = ../main/endlevel.c; sourceTree = "<group>"; };
		03B3BF341D5648C1003A69E1 /* endlevel.h */ = {isa = PBXFileReference; fileEncoding = 4; lastKnownFileType = sourcecode.c.h; name = endlevel.h; path = ../main/endlevel.h; sourceTree = "<group>"; };
		03B3BF351D5648C1003A69E1 /* escort.c */ = {isa = PBXFileReference; fileEncoding = 4; lastKnownFileType = sourcecode.c.c; name = escort.c; path = ../main/escort.c; sourceTree = "<group>"; };
		03B3BF361D5648C1003A69E1 /* files.h */ = {isa = PBXFileReference; fileEncoding = 4; lastKnownFileType = sourcecode.c.h; name = files.h; path = ../main/files.h; sourceTree = "<group>"; };
		03B3BF371D5648C1003A69E1 /* fireball.c */ = {isa = PBXFileReference; fileEncoding = 4; lastKnownFileType = sourcecode.c.c; name = fireball.c; path = ../main/fireball.c; sourceTree = "<group>"; };
		03B3BF381D5648C1003A69E1 /* fireball.h */ = {isa = PBXFileReference; fileEncoding = 4; lastKnownFileType = sourcecode.c.h; name = fireball.h; path = ../main/fireball.h; sourceTree = "<group>"; };
		03B3BF391D5648C1003A69E1 /* fuelcen.c */ = {isa = PBXFileReference; fileEncoding = 4; lastKnownFileType = sourcecode.c.c; name = fuelcen.c; path = ../main/fuelcen.c; sourceTree = "<group>"; };
		03B3BF3A1D5648C1003A69E1 /* fuelcen.h */ = {isa = PBXFileReference; fileEncoding = 4; lastKnownFileType = sourcecode.c.h; name = fuelcen.h; path = ../main/fuelcen.h; sourceTree = "<group>"; };
		03B3BF3B1D5648C1003A69E1 /* fvi.c */ = {isa = PBXFileReference; fileEncoding = 4; lastKnownFileType = sourcecode.c.c; name = fvi.c; path = ../main/fvi.c; sourceTree = "<group>"; };
		03B3BF3C1D5648C1003A69E1 /* fvi.h */ = {isa = PBXFileReference; fileEncoding = 4; lastKnownFileType = sourcecode.c.h; name = fvi.h; path = ../main/fvi.h; sourceTree = "<group>"; };
		03B3BF3D1D5648C1003A69E1 /* game.c */ = {isa = PBXFileReference; fileEncoding = 4; lastKnownFileType = sourcecode.c.c; name = game.c; path = ../main/game.c; sourceTree = "<group>"; };
		03B3BF3E1D5648C1003A69E1 /* game.h */ = {isa = PBXFileReference; fileEncoding = 4; lastKnownFileType = sourcecode.c.h; name = game.h; path = ../main/game.h; sourceTree = "<group>"; };
		03B3BF3F1D5648C1003A69E1 /* gamecntl.c */ = {isa = PBXFileReference; fileEncoding = 4; lastKnownFileType = sourcecode.c.c; name = gamecntl.c; path = ../main/gamecntl.c; sourceTree = "<group>"; };
		03B3BF401D5648C1003A69E1 /* gamefont.c */ = {isa = PBXFileReference; fileEncoding = 4; lastKnownFileType = sourcecode.c.c; name = gamefont.c; path = ../main/gamefont.c; sourceTree = "<group>"; };
		03B3BF411D5648C1003A69E1 /* gamefont.h */ = {isa = PBXFileReference; fileEncoding = 4; lastKnownFileType = sourcecode.c.h; name = gamefont.h; path = ../main/gamefont.h; sourceTree = "<group>"; };
		03B3BF421D5648C1003A69E1 /* gamemine.c */ = {isa = PBXFileReference; fileEncoding = 4; lastKnownFileType = sourcecode.c.c; name = gamemine.c; path = ../main/gamemine.c; sourceTree = "<group>"; };
		03B3BF431D5648C1003A69E1 /* gamemine.h */ = {isa = PBXFileReference; fileEncoding = 4; lastKnownFileType = sourcecode.c.h; name = gamemine.h; path = ../main/gamemine.h; sourceTree = "<group>"; };
		03B3BF441D5648C1003A69E1 /* gamepal.c */ = {isa = PBXFileReference; fileEncoding = 4; lastKnownFileType = sourcecode.c.c; name = gamepal.c; path = ../main/gamepal.c; sourceTree = "<group>"; };
		03B3BF451D5648C1003A69E1 /* gamepal.h */ = {isa = PBXFileReference; fileEncoding = 4; lastKnownFileType = sourcecode.c.h; name = gamepal.h; path = ../main/gamepal.h; sourceTree = "<group>"; };
		03B3BF461D5648C1003A69E1 /* gamerend.c */ = {isa = PBXFileReference; fileEncoding = 4; lastKnownFileType = sourcecode.c.c; name = gamerend.c; path = ../main/gamerend.c; sourceTree = "<group>"; };
		03B3BF471D5648C1003A69E1 /* gamesave.c */ = {isa = PBXFileReference; fileEncoding = 4; lastKnownFileType = sourcecode.c.c; name = gamesave.c; path = ../main/gamesave.c; sourceTree = "<group>"; };
		03B3BF481D5648C1003A69E1 /* gamesave.h */ = {isa = PBXFileReference; fileEncoding = 4; lastKnownFileType = sourcecode.c.h; name = gamesave.h; path = ../main/gamesave.h; sourceTree = "<group>"; };
		03B3BF491D5648C1003A69E1 /* gameseg.c */ = {isa = PBXFileReference; fileEncoding = 4; lastKnownFileType = sourcecode.c.c; name = gameseg.c; path = ../main/gameseg.c; sourceTree = "<group>"; };
		03B3BF4A1D5648C1003A69E1 /* gameseg.h */ = {isa = PBXFileReference; fileEncoding = 4; lastKnownFileType = sourcecode.c.h; name = gameseg.h; path = ../main/gameseg.h; sourceTree = "<group>"; };
		03B3BF4B1D5648C1003A69E1 /* gameseq.c */ = {isa = PBXFileReference; fileEncoding = 4; lastKnownFileType = sourcecode.c.c; name = gameseq.c; path = ../main/gameseq.c; sourceTree = "<group>"; };
		03B3BF4C1D5648C1003A69E1 /* gameseq.h */ = {isa = PBXFileReference; fileEncoding = 4; lastKnownFileType = sourcecode.c.h; name = gameseq.h; path = ../main/gameseq.h; sourceTree = "<group>"; };
		03B3BF4D1D5648C1003A69E1 /* gamestat.h */ = {isa = PBXFileReference; fileEncoding = 4; lastKnownFileType = sourcecode.c.h; name = gamestat.h; path = ../main/gamestat.h; sourceTree = "<group>"; };
		03B3BF4E1D5648C1003A69E1 /* gauges.c */ = {isa = PBXFileReference; fileEncoding = 4; lastKnownFileType = sourcecode.c.c; name = gauges.c; path = ../main/gauges.c; sourceTree = "<group>"; };
		03B3BF4F1D5648C1003A69E1 /* gauges.h */ = {isa = PBXFileReference; fileEncoding = 4; lastKnownFileType = sourcecode.c.h; name = gauges.h; path = ../main/gauges.h; sourceTree = "<group>"; };
		03B3BF501D5648C1003A69E1 /* hmp.c */ = {isa = PBXFileReference; fileEncoding = 4; lastKnownFileType = sourcecode.c.c; name = hmp.c; path = ../main/hmp.c; sourceTree = "<group>"; };
		03B3BF511D5648C1003A69E1 /* hmp.h */ = {isa = PBXFileReference; fileEncoding = 4; lastKnownFileType = sourcecode.c.h; name = hmp.h; path = ../main/hmp.h; sourceTree = "<group>"; };
		03B3BF521D5648C1003A69E1 /* hostage.c */ = {isa = PBXFileReference; fileEncoding = 4; lastKnownFileType = sourcecode.c.c; name = hostage.c; path = ../main/hostage.c; sourceTree = "<group>"; };
		03B3BF531D5648C1003A69E1 /* hostage.h */ = {isa = PBXFileReference; fileEncoding = 4; lastKnownFileType = sourcecode.c.h; name = hostage.h; path = ../main/hostage.h; sourceTree = "<group>"; };
		03B3BF541D5648C1003A69E1 /* hud.c */ = {isa = PBXFileReference; fileEncoding = 4; lastKnownFileType = sourcecode.c.c; name = hud.c; path = ../main/hud.c; sourceTree = "<group>"; };
		03B3BF551D5648C1003A69E1 /* iglasses.c */ = {isa = PBXFileReference; fileEncoding = 4; lastKnownFileType = sourcecode.c.c; name = iglasses.c; path = ../main/iglasses.c; sourceTree = "<group>"; };
		03B3BF561D5648C1003A69E1 /* iglasses.h */ = {isa = PBXFileReference; fileEncoding = 4; lastKnownFileType = sourcecode.c.h; name = iglasses.h; path = ../main/iglasses.h; sourceTree = "<group>"; };
		03B3BF571D5648C1003A69E1 /* inferno.c */ = {isa = PBXFileReference; fileEncoding = 4; lastKnownFileType = sourcecode.c.c; name = inferno.c; path = ../main/inferno.c; sourceTree = "<group>"; };
		03B3BF581D5648C1003A69E1 /* inferno.h */ = {isa = PBXFileReference; fileEncoding = 4; lastKnownFileType = sourcecode.c.h; name = inferno.h; path = ../main/inferno.h; sourceTree = "<group>"; };
		03B3BF5A1D5648C1003A69E1 /* digi.c */ = {isa = PBXFileReference; fileEncoding = 4; lastKnownFileType = sourcecode.c.c; path = digi.c; sourceTree = "<group>"; };
		03B3BF5B1D5648C1003A69E1 /* hmp.c */ = {isa = PBXFileReference; fileEncoding = 4; lastKnownFileType = sourcecode.c.c; path = hmp.c; sourceTree = "<group>"; };
		03B3BF5C1D5648C1003A69E1 /* joydefs.c */ = {isa = PBXFileReference; fileEncoding = 4; lastKnownFileType = sourcecode.c.c; name = joydefs.c; path = ../main/joydefs.c; sourceTree = "<group>"; };
		03B3BF5D1D5648C1003A69E1 /* joydefs.h */ = {isa = PBXFileReference; fileEncoding = 4; lastKnownFileType = sourcecode.c.h; name = joydefs.h; path = ../main/joydefs.h; sourceTree = "<group>"; };
		03B3BF5E1D5648C1003A69E1 /* kconfig.c */ = {isa = PBXFileReference; fileEncoding = 4; lastKnownFileType = sourcecode.c.c; name = kconfig.c; path = ../main/kconfig.c; sourceTree = "<group>"; };
		03B3BF5F1D5648C1003A69E1 /* kconfig.h */ = {isa = PBXFileReference; fileEncoding = 4; lastKnownFileType = sourcecode.c.h; name = kconfig.h; path = ../main/kconfig.h; sourceTree = "<group>"; };
		03B3BF601D5648C1003A69E1 /* kmatrix.c */ = {isa = PBXFileReference; fileEncoding = 4; lastKnownFileType = sourcecode.c.c; name = kmatrix.c; path = ../main/kmatrix.c; sourceTree = "<group>"; };
		03B3BF611D5648C1003A69E1 /* kmatrix.h */ = {isa = PBXFileReference; fileEncoding = 4; lastKnownFileType = sourcecode.c.h; name = kmatrix.h; path = ../main/kmatrix.h; sourceTree = "<group>"; };
		03B3BF621D5648C1003A69E1 /* laser.c */ = {isa = PBXFileReference; fileEncoding = 4; lastKnownFileType = sourcecode.c.c; name = laser.c; path = ../main/laser.c; sourceTree = "<group>"; };
		03B3BF631D5648C1003A69E1 /* laser.h */ = {isa = PBXFileReference; fileEncoding = 4; lastKnownFileType = sourcecode.c.h; name = laser.h; path = ../main/laser.h; sourceTree = "<group>"; };
		03B3BF641D5648C1003A69E1 /* lighting.c */ = {isa = PBXFileReference; fileEncoding = 4; lastKnownFileType = sourcecode.c.c; name = lighting.c; path = ../main/lighting.c; sourceTree = "<group>"; };
		03B3BF651D5648C1003A69E1 /* lighting.h */ = {isa = PBXFileReference; fileEncoding = 4; lastKnownFileType = sourcecode.c.h; name = lighting.h; path = ../main/lighting.h; sourceTree = "<group>"; };
		03B3BF661D5648C1003A69E1 /* menu.c */ = {isa = PBXFileReference; fileEncoding = 4; lastKnownFileType = sourcecode.c.c; name = menu.c; path = ../main/menu.c; sourceTree = "<group>"; };
		03B3BF671D5648C1003A69E1 /* menu.h */ = {isa = PBXFileReference; fileEncoding = 4; lastKnownFileType = sourcecode.c.h; name = menu.h; path = ../main/menu.h; sourceTree = "<group>"; };
		03B3BF681D5648C1003A69E1 /* mglobal.c */ = {isa = PBXFileReference; fileEncoding = 4; lastKnownFileType = sourcecode.c.c; name = mglobal.c; path = ../main/mglobal.c; sourceTree = "<group>"; };
		03B3BF691D5648C1003A69E1 /* mission.c */ = {isa = PBXFileReference; fileEncoding = 4; lastKnownFileType = sourcecode.c.c; name = mission.c; path = ../main/mission.c; sourceTree = "<group>"; };
		03B3BF6A1D5648C1003A69E1 /* mission.h */ = {isa = PBXFileReference; fileEncoding = 4; lastKnownFileType = sourcecode.c.h; name = mission.h; path = ../main/mission.h; sourceTree = "<group>"; };
		03B3BF6B1D5648C1003A69E1 /* modem.c */ = {isa = PBXFileReference; fileEncoding = 4; lastKnownFileType = sourcecode.c.c; name = modem.c; path = ../main/modem.c; sourceTree = "<group>"; };
		03B3BF6C1D5648C1003A69E1 /* modem.h */ = {isa = PBXFileReference; fileEncoding = 4; lastKnownFileType = sourcecode.c.h; name = modem.h; path = ../main/modem.h; sourceTree = "<group>"; };
		03B3BF6D1D5648C1003A69E1 /* morph.c */ = {isa = PBXFileReference; fileEncoding = 4; lastKnownFileType = sourcecode.c.c; name = morph.c; path = ../main/morph.c; sourceTree = "<group>"; };
		03B3BF6E1D5648C1003A69E1 /* morph.h */ = {isa = PBXFileReference; fileEncoding = 4; lastKnownFileType = sourcecode.c.h; name = morph.h; path = ../main/morph.h; sourceTree = "<group>"; };
		03B3BF6F1D5648C1003A69E1 /* movie.c */ = {isa = PBXFileReference; fileEncoding = 4; lastKnownFileType = sourcecode.c.c; name = movie.c; path = ../main/movie.c; sourceTree = "<group>"; };
		03B3BF701D5648C1003A69E1 /* movie.h */ = {isa = PBXFileReference; fileEncoding = 4; lastKnownFileType = sourcecode.c.h; name = movie.h; path = ../main/movie.h; sourceTree = "<group>"; };
		03B3BF711D5648C1003A69E1 /* multi.c */ = {isa = PBXFileReference; fileEncoding = 4; lastKnownFileType = sourcecode.c.c; name = multi.c; path = ../main/multi.c; sourceTree = "<group>"; };
		03B3BF721D5648C1003A69E1 /* multi.h */ = {isa = PBXFileReference; fileEncoding = 4; lastKnownFileType = sourcecode.c.h; name = multi.h; path = ../main/multi.h; sourceTree = "<group>"; };
		03B3BF731D5648C1003A69E1 /* multibot.c */ = {isa = PBXFileReference; fileEncoding = 4; lastKnownFileType = sourcecode.c.c; name = multibot.c; path = ../main/multibot.c; sourceTree = "<group>"; };
		03B3BF741D5648C1003A69E1 /* multibot.h */ = {isa = PBXFileReference; fileEncoding = 4; lastKnownFileType = sourcecode.c.h; name = multibot.h; path = ../main/multibot.h; sourceTree = "<group>"; };
		03B3BF751D5648C1003A69E1 /* netmisc.c */ = {isa = PBXFileReference; fileEncoding = 4; lastKnownFileType = sourcecode.c.c; name = netmisc.c; path = ../main/netmisc.c; sourceTree = "<group>"; };
		03B3BF761D5648C1003A69E1 /* netmisc.h */ = {isa = PBXFileReference; fileEncoding = 4; lastKnownFileType = sourcecode.c.h; name = netmisc.h; path = ../main/netmisc.h; sourceTree = "<group>"; };
		03B3BF771D5648C1003A69E1 /* network.c */ = {isa = PBXFileReference; fileEncoding = 4; lastKnownFileType = sourcecode.c.c; name = network.c; path = ../main/network.c; sourceTree = "<group>"; };
		03B3BF781D5648C1003A69E1 /* network.h */ = {isa = PBXFileReference; fileEncoding = 4; lastKnownFileType = sourcecode.c.h; name = network.h; path = ../main/network.h; sourceTree = "<group>"; };
		03B3BF791D5648C1003A69E1 /* newdemo.c */ = {isa = PBXFileReference; fileEncoding = 4; lastKnownFileType = sourcecode.c.c; name = newdemo.c; path = ../main/newdemo.c; sourceTree = "<group>"; };
		03B3BF7A1D5648C1003A69E1 /* newdemo.h */ = {isa = PBXFileReference; fileEncoding = 4; lastKnownFileType = sourcecode.c.h; name = newdemo.h; path = ../main/newdemo.h; sourceTree = "<group>"; };
		03B3BF7B1D5648C1003A69E1 /* newmenu.c */ = {isa = PBXFileReference; fileEncoding = 4; lastKnownFileType = sourcecode.c.c; name = newmenu.c; path = ../main/newmenu.c; sourceTree = "<group>"; };
		03B3BF7C1D5648C1003A69E1 /* newmenu.h */ = {isa = PBXFileReference; fileEncoding = 4; lastKnownFileType = sourcecode.c.h; name = newmenu.h; path = ../main/newmenu.h; sourceTree = "<group>"; };
		03B3BF7D1D5648C1003A69E1 /* object.c */ = {isa = PBXFileReference; fileEncoding = 4; lastKnownFileType = sourcecode.c.c; name = object.c; path = ../main/object.c; sourceTree = "<group>"; };
		03B3BF7E1D5648C1003A69E1 /* object.h */ = {isa = PBXFileReference; fileEncoding = 4; lastKnownFileType = sourcecode.c.h; name = object.h; path = ../main/object.h; sourceTree = "<group>"; };
		03B3BF7F1D5648C1003A69E1 /* paging.c */ = {isa = PBXFileReference; fileEncoding = 4; lastKnownFileType = sourcecode.c.c; name = paging.c; path = ../main/paging.c; sourceTree = "<group>"; };
		03B3BF801D5648C1003A69E1 /* paging.h */ = {isa = PBXFileReference; fileEncoding = 4; lastKnownFileType = sourcecode.c.h; name = paging.h; path = ../main/paging.h; sourceTree = "<group>"; };
		03B3BF811D5648C1003A69E1 /* physics.c */ = {isa = PBXFileReference; fileEncoding = 4; lastKnownFileType = sourcecode.c.c; name = physics.c; path = ../main/physics.c; sourceTree = "<group>"; };
		03B3BF821D5648C1003A69E1 /* physics.h */ = {isa = PBXFileReference; fileEncoding = 4; lastKnownFileType = sourcecode.c.h; name = physics.h; path = ../main/physics.h; sourceTree = "<group>"; };
		03B3BF831D5648C1003A69E1 /* piggy.c */ = {isa = PBXFileReference; fileEncoding = 4; lastKnownFileType = sourcecode.c.c; name = piggy.c; path = ../main/piggy.c; sourceTree = "<group>"; };
		03B3BF841D5648C1003A69E1 /* piggy.h */ = {isa = PBXFileReference; fileEncoding = 4; lastKnownFileType = sourcecode.c.h; name = piggy.h; path = ../main/piggy.h; sourceTree = "<group>"; };
		03B3BF851D5648C1003A69E1 /* player.h */ = {isa = PBXFileReference; fileEncoding = 4; lastKnownFileType = sourcecode.c.h; name = player.h; path = ../main/player.h; sourceTree = "<group>"; };
		03B3BF861D5648C1003A69E1 /* playsave.c */ = {isa = PBXFileReference; fileEncoding = 4; lastKnownFileType = sourcecode.c.c; name = playsave.c; path = ../main/playsave.c; sourceTree = "<group>"; };
		03B3BF871D5648C1003A69E1 /* playsave.h */ = {isa = PBXFileReference; fileEncoding = 4; lastKnownFileType = sourcecode.c.h; name = playsave.h; path = ../main/playsave.h; sourceTree = "<group>"; };
		03B3BF881D5648C1003A69E1 /* polyobj.c */ = {isa = PBXFileReference; fileEncoding = 4; lastKnownFileType = sourcecode.c.c; name = polyobj.c; path = ../main/polyobj.c; sourceTree = "<group>"; };
		03B3BF891D5648C1003A69E1 /* polyobj.h */ = {isa = PBXFileReference; fileEncoding = 4; lastKnownFileType = sourcecode.c.h; name = polyobj.h; path = ../main/polyobj.h; sourceTree = "<group>"; };
		03B3BF8A1D5648C1003A69E1 /* powerup.c */ = {isa = PBXFileReference; fileEncoding = 4; lastKnownFileType = sourcecode.c.c; name = powerup.c; path = ../main/powerup.c; sourceTree = "<group>"; };
		03B3BF8B1D5648C1003A69E1 /* powerup.h */ = {isa = PBXFileReference; fileEncoding = 4; lastKnownFileType = sourcecode.c.h; name = powerup.h; path = ../main/powerup.h; sourceTree = "<group>"; };
		03B3BF8C1D5648C1003A69E1 /* render.c */ = {isa = PBXFileReference; fileEncoding = 4; lastKnownFileType = sourcecode.c.c; name = render.c; path = ../main/render.c; sourceTree = "<group>"; };
		03B3BF8D1D5648C1003A69E1 /* render.h */ = {isa = PBXFileReference; fileEncoding = 4; lastKnownFileType = sourcecode.c.h; name = render.h; path = ../main/render.h; sourceTree = "<group>"; };
		03B3BF8E1D5648C1003A69E1 /* robot.c */ = {isa = PBXFileReference; fileEncoding = 4; lastKnownFileType = sourcecode.c.c; name = robot.c; path = ../main/robot.c; sourceTree = "<group>"; };
		03B3BF8F1D5648C1003A69E1 /* robot.h */ = {isa = PBXFileReference; fileEncoding = 4; lastKnownFileType = sourcecode.c.h; name = robot.h; path = ../main/robot.h; sourceTree = "<group>"; };
		03B3BF901D5648C1003A69E1 /* scores.c */ = {isa = PBXFileReference; fileEncoding = 4; lastKnownFileType = sourcecode.c.c; name = scores.c; path = ../main/scores.c; sourceTree = "<group>"; };
		03B3BF911D5648C1003A69E1 /* scores.h */ = {isa = PBXFileReference; fileEncoding = 4; lastKnownFileType = sourcecode.c.h; name = scores.h; path = ../main/scores.h; sourceTree = "<group>"; };
		03B3BF921D5648C1003A69E1 /* screens.h */ = {isa = PBXFileReference; fileEncoding = 4; lastKnownFileType = sourcecode.c.h; name = screens.h; path = ../main/screens.h; sourceTree = "<group>"; };
		03B3BF931D5648C1003A69E1 /* segment.h */ = {isa = PBXFileReference; fileEncoding = 4; lastKnownFileType = sourcecode.c.h; name = segment.h; path = ../main/segment.h; sourceTree = "<group>"; };
		03B3BF941D5648C1003A69E1 /* segpoint.h */ = {isa = PBXFileReference; fileEncoding = 4; lastKnownFileType = sourcecode.c.h; name = segpoint.h; path = ../main/segpoint.h; sourceTree = "<group>"; };
		03B3BF951D5648C1003A69E1 /* settings.h */ = {isa = PBXFileReference; fileEncoding = 4; lastKnownFileType = sourcecode.c.h; name = settings.h; path = ../main/settings.h; sourceTree = "<group>"; };
		03B3BF961D5648C1003A69E1 /* slew.c */ = {isa = PBXFileReference; fileEncoding = 4; lastKnownFileType = sourcecode.c.c; name = slew.c; path = ../main/slew.c; sourceTree = "<group>"; };
		03B3BF971D5648C1003A69E1 /* slew.h */ = {isa = PBXFileReference; fileEncoding = 4; lastKnownFileType = sourcecode.c.h; name = slew.h; path = ../main/slew.h; sourceTree = "<group>"; };
		03B3BF981D5648C1003A69E1 /* songs.c */ = {isa = PBXFileReference; fileEncoding = 4; lastKnownFileType = sourcecode.c.c; name = songs.c; path = ../main/songs.c; sourceTree = "<group>"; };
		03B3BF991D5648C1003A69E1 /* songs.h */ = {isa = PBXFileReference; fileEncoding = 4; lastKnownFileType = sourcecode.c.h; name = songs.h; path = ../main/songs.h; sourceTree = "<group>"; };
		03B3BF9A1D5648C1003A69E1 /* sounds.h */ = {isa = PBXFileReference; fileEncoding = 4; lastKnownFileType = sourcecode.c.h; name = sounds.h; path = ../main/sounds.h; sourceTree = "<group>"; };
		03B3BF9B1D5648C1003A69E1 /* state.c */ = {isa = PBXFileReference; fileEncoding = 4; lastKnownFileType = sourcecode.c.c; name = state.c; path = ../main/state.c; sourceTree = "<group>"; };
		03B3BF9C1D5648C1003A69E1 /* state.h */ = {isa = PBXFileReference; fileEncoding = 4; lastKnownFileType = sourcecode.c.h; name = state.h; path = ../main/state.h; sourceTree = "<group>"; };
		03B3BF9D1D5648C1003A69E1 /* switch.c */ = {isa = PBXFileReference; fileEncoding = 4; lastKnownFileType = sourcecode.c.c; name = switch.c; path = ../main/switch.c; sourceTree = "<group>"; };
		03B3BF9E1D5648C1003A69E1 /* switch.h */ = {isa = PBXFileReference; fileEncoding = 4; lastKnownFileType = sourcecode.c.h; name = switch.h; path = ../main/switch.h; sourceTree = "<group>"; };
		03B3BF9F1D5648C1003A69E1 /* terrain.c */ = {isa = PBXFileReference; fileEncoding = 4; lastKnownFileType = sourcecode.c.c; name = terrain.c; path = ../main/terrain.c; sourceTree = "<group>"; };
		03B3BFA01D5648C1003A69E1 /* terrain.h */ = {isa = PBXFileReference; fileEncoding = 4; lastKnownFileType = sourcecode.c.h; name = terrain.h; path = ../main/terrain.h; sourceTree = "<group>"; };
		03B3BFA11D5648C1003A69E1 /* texmerge.c */ = {isa = PBXFileReference; fileEncoding = 4; lastKnownFileType = sourcecode.c.c; name = texmerge.c; path = ../main/texmerge.c; sourceTree = "<group>"; };
		03B3BFA21D5648C1003A69E1 /* texmerge.h */ = {isa = PBXFileReference; fileEncoding = 4; lastKnownFileType = sourcecode.c.h; name = texmerge.h; path = ../main/texmerge.h; sourceTree = "<group>"; };
		03B3BFA31D5648C1003A69E1 /* text.c */ = {isa = PBXFileReference; fileEncoding = 4; lastKnownFileType = sourcecode.c.c; name = text.c; path = ../main/text.c; sourceTree = "<group>"; };
		03B3BFA41D5648C1003A69E1 /* text.h */ = {isa = PBXFileReference; fileEncoding = 4; lastKnownFileType = sourcecode.c.h; name = text.h; path = ../main/text.h; sourceTree = "<group>"; };
		03B3BFA51D5648C1003A69E1 /* textures.h */ = {isa = PBXFileReference; fileEncoding = 4; lastKnownFileType = sourcecode.c.h; name = textures.h; path = ../main/textures.h; sourceTree = "<group>"; };
		03B3BFA61D5648C1003A69E1 /* titles.c */ = {isa = PBXFileReference; fileEncoding = 4; lastKnownFileType = sourcecode.c.c; name = titles.c; path = ../main/titles.c; sourceTree = "<group>"; };
		03B3BFA71D5648C1003A69E1 /* titles.h */ = {isa = PBXFileReference; fileEncoding = 4; lastKnownFileType = sourcecode.c.h; name = titles.h; path = ../main/titles.h; sourceTree = "<group>"; };
		03B3BFA81D5648C1003A69E1 /* vclip.c */ = {isa = PBXFileReference; fileEncoding = 4; lastKnownFileType = sourcecode.c.c; name = vclip.c; path = ../main/vclip.c; sourceTree = "<group>"; };
		03B3BFA91D5648C1003A69E1 /* vclip.h */ = {isa = PBXFileReference; fileEncoding = 4; lastKnownFileType = sourcecode.c.h; name = vclip.h; path = ../main/vclip.h; sourceTree = "<group>"; };
		03B3BFAA1D5648C1003A69E1 /* vers_id.h */ = {isa = PBXFileReference; fileEncoding = 4; lastKnownFileType = sourcecode.c.h; name = vers_id.h; path = ../main/vers_id.h; sourceTree = "<group>"; };
		03B3BFAB1D5648C1003A69E1 /* vfx.c */ = {isa = PBXFileReference; fileEncoding = 4; lastKnownFileType = sourcecode.c.c; name = vfx.c; path = ../main/vfx.c; sourceTree = "<group>"; };
		03B3BFAC1D5648C1003A69E1 /* vfx.h */ = {isa = PBXFileReference; fileEncoding = 4; lastKnownFileType = sourcecode.c.h; name = vfx.h; path = ../main/vfx.h; sourceTree = "<group>"; };
		03B3BFAD1D5648C1003A69E1 /* victor.c */ = {isa = PBXFileReference; fileEncoding = 4; lastKnownFileType = sourcecode.c.c; name = victor.c; path = ../main/victor.c; sourceTree = "<group>"; };
		03B3BFAE1D5648C1003A69E1 /* victor.h */ = {isa = PBXFileReference; fileEncoding = 4; lastKnownFileType = sourcecode.c.h; name = victor.h; path = ../main/victor.h; sourceTree = "<group>"; };
		03B3BFAF1D5648C1003A69E1 /* wall.c */ = {isa = PBXFileReference; fileEncoding = 4; lastKnownFileType = sourcecode.c.c; name = wall.c; path = ../main/wall.c; sourceTree = "<group>"; };
		03B3BFB01D5648C1003A69E1 /* wall.h */ = {isa = PBXFileReference; fileEncoding = 4; lastKnownFileType = sourcecode.c.h; name = wall.h; path = ../main/wall.h; sourceTree = "<group>"; };
		03B3BFB11D5648C1003A69E1 /* weapon.c */ = {isa = PBXFileReference; fileEncoding = 4; lastKnownFileType = sourcecode.c.c; name = weapon.c; path = ../main/weapon.c; sourceTree = "<group>"; };
		03B3BFB21D5648C1003A69E1 /* weapon.h */ = {isa = PBXFileReference; fileEncoding = 4; lastKnownFileType = sourcecode.c.h; name = weapon.h; path = ../main/weapon.h; sourceTree = "<group>"; };
/* End PBXFileReference section */

/* Begin PBXFrameworksBuildPhase section */
		038421941C83FEED00361C3C /* Frameworks */ = {
			isa = PBXFrameworksBuildPhase;
			buildActionMask = 2147483647;
			files = (
			);
			runOnlyForDeploymentPostprocessing = 0;
		};
/* End PBXFrameworksBuildPhase section */

/* Begin PBXGroup section */
		0384218E1C83FEED00361C3C = {
			isa = PBXGroup;
			children = (
				03B3C0011D5648C6003A69E1 /* main */,
				03B3BF591D5648C1003A69E1 /* ios */,
				038421981C83FEED00361C3C /* Products */,
			);
			sourceTree = "<group>";
		};
		038421981C83FEED00361C3C /* Products */ = {
			isa = PBXGroup;
			children = (
				038421971C83FEED00361C3C /* libmain.a */,
			);
			name = Products;
			sourceTree = "<group>";
		};
		03B3BF591D5648C1003A69E1 /* ios */ = {
			isa = PBXGroup;
			children = (
				03B3BF5A1D5648C1003A69E1 /* digi.c */,
				03B3BF5B1D5648C1003A69E1 /* hmp.c */,
			);
			name = ios;
			path = ../main/ios;
			sourceTree = "<group>";
		};
		03B3C0011D5648C6003A69E1 /* main */ = {
			isa = PBXGroup;
			children = (
				03B3BF131D5648C1003A69E1 /* 3dfx_des.h */,
				03B3BF141D5648C1003A69E1 /* 3dfx.c */,
				03B3BF151D5648C1003A69E1 /* ai.c */,
				03B3BF161D5648C1003A69E1 /* ai.h */,
				03B3BF171D5648C1003A69E1 /* ai2.c */,
				03B3BF181D5648C1003A69E1 /* aipath.c */,
				03B3BF191D5648C1003A69E1 /* aistruct.h */,
				03B3BF1A1D5648C1003A69E1 /* automap.c */,
				03B3BF1B1D5648C1003A69E1 /* automap.h */,
				03B3BF1C1D5648C1003A69E1 /* bm.c */,
				03B3BF1D1D5648C1003A69E1 /* bm.h */,
				03B3BF1E1D5648C1003A69E1 /* bmread.c */,
				03B3BF1F1D5648C1003A69E1 /* bmread.h */,
				03B3BF201D5648C1003A69E1 /* cdmix32.c */,
				03B3BF211D5648C1003A69E1 /* cntrlcen.c */,
				03B3BF221D5648C1003A69E1 /* cntrlcen.h */,
				03B3BF231D5648C1003A69E1 /* collide.c */,
				03B3BF241D5648C1003A69E1 /* collide.h */,
				03B3BF251D5648C1003A69E1 /* compbit.h */,
				03B3BF261D5648C1003A69E1 /* config.c */,
				03B3BF271D5648C1003A69E1 /* config.h */,
				03B3BF281D5648C1003A69E1 /* controls.c */,
				03B3BF291D5648C1003A69E1 /* controls.h */,
				03B3BF2A1D5648C1003A69E1 /* credits.c */,
				03B3BF2B1D5648C1003A69E1 /* credits.h */,
				03B3BF2C1D5648C1003A69E1 /* crypt.c */,
				03B3BF2D1D5648C1003A69E1 /* desc_id.h */,
				03B3BF2E1D5648C1003A69E1 /* desw.h */,
				03B3BF2F1D5648C1003A69E1 /* digi.h */,
				03B3BF301D5648C1003A69E1 /* dumpmine.c */,
				03B3BF311D5648C1003A69E1 /* effects.c */,
				03B3BF321D5648C1003A69E1 /* effects.h */,
				03B3BF331D5648C1003A69E1 /* endlevel.c */,
				03B3BF341D5648C1003A69E1 /* endlevel.h */,
				03B3BF351D5648C1003A69E1 /* escort.c */,
				03B3BF361D5648C1003A69E1 /* files.h */,
				03B3BF371D5648C1003A69E1 /* fireball.c */,
				03B3BF381D5648C1003A69E1 /* fireball.h */,
				03B3BF391D5648C1003A69E1 /* fuelcen.c */,
				03B3BF3A1D5648C1003A69E1 /* fuelcen.h */,
				03B3BF3B1D5648C1003A69E1 /* fvi.c */,
				03B3BF3C1D5648C1003A69E1 /* fvi.h */,
				03B3BF3D1D5648C1003A69E1 /* game.c */,
				03B3BF3E1D5648C1003A69E1 /* game.h */,
				03B3BF3F1D5648C1003A69E1 /* gamecntl.c */,
				03B3BF401D5648C1003A69E1 /* gamefont.c */,
				03B3BF411D5648C1003A69E1 /* gamefont.h */,
				03B3BF421D5648C1003A69E1 /* gamemine.c */,
				03B3BF431D5648C1003A69E1 /* gamemine.h */,
				03B3BF441D5648C1003A69E1 /* gamepal.c */,
				03B3BF451D5648C1003A69E1 /* gamepal.h */,
				03B3BF461D5648C1003A69E1 /* gamerend.c */,
				03B3BF471D5648C1003A69E1 /* gamesave.c */,
				03B3BF481D5648C1003A69E1 /* gamesave.h */,
				03B3BF491D5648C1003A69E1 /* gameseg.c */,
				03B3BF4A1D5648C1003A69E1 /* gameseg.h */,
				03B3BF4B1D5648C1003A69E1 /* gameseq.c */,
				03B3BF4C1D5648C1003A69E1 /* gameseq.h */,
				03B3BF4D1D5648C1003A69E1 /* gamestat.h */,
				03B3BF4E1D5648C1003A69E1 /* gauges.c */,
				03B3BF4F1D5648C1003A69E1 /* gauges.h */,
				03B3BF501D5648C1003A69E1 /* hmp.c */,
				03B3BF511D5648C1003A69E1 /* hmp.h */,
				03B3BF521D5648C1003A69E1 /* hostage.c */,
				03B3BF531D5648C1003A69E1 /* hostage.h */,
				03B3BF541D5648C1003A69E1 /* hud.c */,
				03B3BF551D5648C1003A69E1 /* iglasses.c */,
				03B3BF561D5648C1003A69E1 /* iglasses.h */,
				03B3BF571D5648C1003A69E1 /* inferno.c */,
				03B3BF581D5648C1003A69E1 /* inferno.h */,
				03B3BF5C1D5648C1003A69E1 /* joydefs.c */,
				03B3BF5D1D5648C1003A69E1 /* joydefs.h */,
				03B3BF5E1D5648C1003A69E1 /* kconfig.c */,
				03B3BF5F1D5648C1003A69E1 /* kconfig.h */,
				03B3BF601D5648C1003A69E1 /* kmatrix.c */,
				03B3BF611D5648C1003A69E1 /* kmatrix.h */,
				03B3BF621D5648C1003A69E1 /* laser.c */,
				03B3BF631D5648C1003A69E1 /* laser.h */,
				03B3BF641D5648C1003A69E1 /* lighting.c */,
				03B3BF651D5648C1003A69E1 /* lighting.h */,
				03B3BF661D5648C1003A69E1 /* menu.c */,
				03B3BF671D5648C1003A69E1 /* menu.h */,
				03B3BF681D5648C1003A69E1 /* mglobal.c */,
				03B3BF691D5648C1003A69E1 /* mission.c */,
				03B3BF6A1D5648C1003A69E1 /* mission.h */,
				03B3BF6B1D5648C1003A69E1 /* modem.c */,
				03B3BF6C1D5648C1003A69E1 /* modem.h */,
				03B3BF6D1D5648C1003A69E1 /* morph.c */,
				03B3BF6E1D5648C1003A69E1 /* morph.h */,
				03B3BF6F1D5648C1003A69E1 /* movie.c */,
				03B3BF701D5648C1003A69E1 /* movie.h */,
				03B3BF711D5648C1003A69E1 /* multi.c */,
				03B3BF721D5648C1003A69E1 /* multi.h */,
				03B3BF731D5648C1003A69E1 /* multibot.c */,
				03B3BF741D5648C1003A69E1 /* multibot.h */,
				03B3BF751D5648C1003A69E1 /* netmisc.c */,
				03B3BF761D5648C1003A69E1 /* netmisc.h */,
				03B3BF771D5648C1003A69E1 /* network.c */,
				03B3BF781D5648C1003A69E1 /* network.h */,
				03B3BF791D5648C1003A69E1 /* newdemo.c */,
				03B3BF7A1D5648C1003A69E1 /* newdemo.h */,
				03B3BF7B1D5648C1003A69E1 /* newmenu.c */,
				03B3BF7C1D5648C1003A69E1 /* newmenu.h */,
				03B3BF7D1D5648C1003A69E1 /* object.c */,
				03B3BF7E1D5648C1003A69E1 /* object.h */,
				03B3BF7F1D5648C1003A69E1 /* paging.c */,
				03B3BF801D5648C1003A69E1 /* paging.h */,
				03B3BF811D5648C1003A69E1 /* physics.c */,
				03B3BF821D5648C1003A69E1 /* physics.h */,
				03B3BF831D5648C1003A69E1 /* piggy.c */,
				03B3BF841D5648C1003A69E1 /* piggy.h */,
				03B3BF851D5648C1003A69E1 /* player.h */,
				03B3BF861D5648C1003A69E1 /* playsave.c */,
				03B3BF871D5648C1003A69E1 /* playsave.h */,
				03B3BF881D5648C1003A69E1 /* polyobj.c */,
				03B3BF891D5648C1003A69E1 /* polyobj.h */,
				03B3BF8A1D5648C1003A69E1 /* powerup.c */,
				03B3BF8B1D5648C1003A69E1 /* powerup.h */,
				03B3BF8C1D5648C1003A69E1 /* render.c */,
				03B3BF8D1D5648C1003A69E1 /* render.h */,
				03B3BF8E1D5648C1003A69E1 /* robot.c */,
				03B3BF8F1D5648C1003A69E1 /* robot.h */,
				03B3BF901D5648C1003A69E1 /* scores.c */,
				03B3BF911D5648C1003A69E1 /* scores.h */,
				03B3BF921D5648C1003A69E1 /* screens.h */,
				03B3BF931D5648C1003A69E1 /* segment.h */,
				03B3BF941D5648C1003A69E1 /* segpoint.h */,
				03B3BF951D5648C1003A69E1 /* settings.h */,
				03B3BF961D5648C1003A69E1 /* slew.c */,
				03B3BF971D5648C1003A69E1 /* slew.h */,
				03B3BF981D5648C1003A69E1 /* songs.c */,
				03B3BF991D5648C1003A69E1 /* songs.h */,
				03B3BF9A1D5648C1003A69E1 /* sounds.h */,
				03B3BF9B1D5648C1003A69E1 /* state.c */,
				03B3BF9C1D5648C1003A69E1 /* state.h */,
				03B3BF9D1D5648C1003A69E1 /* switch.c */,
				03B3BF9E1D5648C1003A69E1 /* switch.h */,
				03B3BF9F1D5648C1003A69E1 /* terrain.c */,
				03B3BFA01D5648C1003A69E1 /* terrain.h */,
				03B3BFA11D5648C1003A69E1 /* texmerge.c */,
				03B3BFA21D5648C1003A69E1 /* texmerge.h */,
				03B3BFA31D5648C1003A69E1 /* text.c */,
				03B3BFA41D5648C1003A69E1 /* text.h */,
				03B3BFA51D5648C1003A69E1 /* textures.h */,
				03B3BFA61D5648C1003A69E1 /* titles.c */,
				03B3BFA71D5648C1003A69E1 /* titles.h */,
				03B3BFA81D5648C1003A69E1 /* vclip.c */,
				03B3BFA91D5648C1003A69E1 /* vclip.h */,
				03B3BFAA1D5648C1003A69E1 /* vers_id.h */,
				03B3BFAB1D5648C1003A69E1 /* vfx.c */,
				03B3BFAC1D5648C1003A69E1 /* vfx.h */,
				03B3BFAD1D5648C1003A69E1 /* victor.c */,
				03B3BFAE1D5648C1003A69E1 /* victor.h */,
				03B3BFAF1D5648C1003A69E1 /* wall.c */,
				03B3BFB01D5648C1003A69E1 /* wall.h */,
				03B3BFB11D5648C1003A69E1 /* weapon.c */,
				03B3BFB21D5648C1003A69E1 /* weapon.h */,
			);
			name = main;
			sourceTree = "<group>";
		};
/* End PBXGroup section */

/* Begin PBXNativeTarget section */
		038421961C83FEED00361C3C /* main */ = {
			isa = PBXNativeTarget;
			buildConfigurationList = 038421A01C83FEED00361C3C /* Build configuration list for PBXNativeTarget "main" */;
			buildPhases = (
				038421931C83FEED00361C3C /* Sources */,
				038421941C83FEED00361C3C /* Frameworks */,
				038421951C83FEED00361C3C /* CopyFiles */,
			);
			buildRules = (
			);
			dependencies = (
			);
			name = main;
			productName = MAIN;
			productReference = 038421971C83FEED00361C3C /* libmain.a */;
			productType = "com.apple.product-type.library.static";
		};
/* End PBXNativeTarget section */

/* Begin PBXProject section */
		0384218F1C83FEED00361C3C /* Project object */ = {
			isa = PBXProject;
			attributes = {
				LastUpgradeCheck = 0720;
				ORGANIZATIONNAME = "Devin Tuchsen";
				TargetAttributes = {
					038421961C83FEED00361C3C = {
						CreatedOnToolsVersion = 7.2;
						DevelopmentTeam = 6WGTX4TY92;
					};
				};
			};
			buildConfigurationList = 038421921C83FEED00361C3C /* Build configuration list for PBXProject "main" */;
			compatibilityVersion = "Xcode 3.2";
			developmentRegion = English;
			hasScannedForEncodings = 0;
			knownRegions = (
				en,
			);
			mainGroup = 0384218E1C83FEED00361C3C;
			productRefGroup = 038421981C83FEED00361C3C /* Products */;
			projectDirPath = "";
			projectRoot = "";
			targets = (
				038421961C83FEED00361C3C /* main */,
			);
		};
/* End PBXProject section */

/* Begin PBXSourcesBuildPhase section */
		038421931C83FEED00361C3C /* Sources */ = {
			isa = PBXSourcesBuildPhase;
			buildActionMask = 2147483647;
			files = (
				03B3BFC91D5648C1003A69E1 /* gamecntl.c in Sources */,
				03B3BFB61D5648C1003A69E1 /* aipath.c in Sources */,
				03B3BFDF1D5648C1003A69E1 /* mglobal.c in Sources */,
				03B3C0001D5648C1003A69E1 /* weapon.c in Sources */,
				03B3BFF81D5648C1003A69E1 /* terrain.c in Sources */,
				03B3BFE11D5648C1003A69E1 /* modem.c in Sources */,
				03B3BFD11D5648C1003A69E1 /* gauges.c in Sources */,
				03B3BFF51D5648C1003A69E1 /* songs.c in Sources */,
				03B3BFDA1D5648C1003A69E1 /* kconfig.c in Sources */,
				03B3BFDE1D5648C1003A69E1 /* menu.c in Sources */,
				03B3BFC81D5648C1003A69E1 /* game.c in Sources */,
				03B3BFEA1D5648C1003A69E1 /* object.c in Sources */,
				03B3BFD51D5648C1003A69E1 /* iglasses.c in Sources */,
				03B3BFC31D5648C1003A69E1 /* endlevel.c in Sources */,
				03B3BFCA1D5648C1003A69E1 /* gamefont.c in Sources */,
				03B3BFBB1D5648C1003A69E1 /* cntrlcen.c in Sources */,
				03B3BFFD1D5648C1003A69E1 /* vfx.c in Sources */,
				03B3BFB71D5648C1003A69E1 /* automap.c in Sources */,
				03B3BFE61D5648C1003A69E1 /* netmisc.c in Sources */,
				03B3BFFB1D5648C1003A69E1 /* titles.c in Sources */,
				03B3BFEC1D5648C1003A69E1 /* physics.c in Sources */,
				03B3BFEF1D5648C1003A69E1 /* polyobj.c in Sources */,
				03B3BFED1D5648C1003A69E1 /* piggy.c in Sources */,
				03B3BFFA1D5648C1003A69E1 /* text.c in Sources */,
				03B3BFBF1D5648C1003A69E1 /* credits.c in Sources */,
				03B3BFC01D5648C1003A69E1 /* crypt.c in Sources */,
				03B3BFB91D5648C1003A69E1 /* bmread.c in Sources */,
				03B3BFC11D5648C1003A69E1 /* dumpmine.c in Sources */,
				03B3BFCC1D5648C1003A69E1 /* gamepal.c in Sources */,
				03B3BFFE1D5648C1003A69E1 /* victor.c in Sources */,
				03B3BFD31D5648C1003A69E1 /* hostage.c in Sources */,
				03B3BFB81D5648C1003A69E1 /* bm.c in Sources */,
				03B3BFCB1D5648C1003A69E1 /* gamemine.c in Sources */,
				03B3BFF41D5648C1003A69E1 /* slew.c in Sources */,
				03B3BFF01D5648C1003A69E1 /* powerup.c in Sources */,
				03B3BFC41D5648C1003A69E1 /* escort.c in Sources */,
				03B3BFBA1D5648C1003A69E1 /* cdmix32.c in Sources */,
				03B3BFFC1D5648C1003A69E1 /* vclip.c in Sources */,
				03B3BFCF1D5648C1003A69E1 /* gameseg.c in Sources */,
				03B3BFCE1D5648C1003A69E1 /* gamesave.c in Sources */,
				03B3BFD81D5648C1003A69E1 /* hmp.c in Sources */,
				03B3BFB51D5648C1003A69E1 /* ai2.c in Sources */,
				03B3BFD01D5648C1003A69E1 /* gameseq.c in Sources */,
				03B3BFF71D5648C1003A69E1 /* switch.c in Sources */,
				03B3BFDB1D5648C1003A69E1 /* kmatrix.c in Sources */,
				03B3BFC71D5648C1003A69E1 /* fvi.c in Sources */,
				03B3BFF31D5648C1003A69E1 /* scores.c in Sources */,
				03B3BFE21D5648C1003A69E1 /* morph.c in Sources */,
				03B3BFC61D5648C1003A69E1 /* fuelcen.c in Sources */,
				03B3BFE51D5648C1003A69E1 /* multibot.c in Sources */,
				03B3BFDD1D5648C1003A69E1 /* lighting.c in Sources */,
				03B3BFF91D5648C1003A69E1 /* texmerge.c in Sources */,
				03B3BFE71D5648C1003A69E1 /* network.c in Sources */,
				03B3BFE41D5648C1003A69E1 /* multi.c in Sources */,
				03B3BFC21D5648C1003A69E1 /* effects.c in Sources */,
				03B3BFE91D5648C1003A69E1 /* newmenu.c in Sources */,
				03B3BFE01D5648C1003A69E1 /* mission.c in Sources */,
				03B3BFD91D5648C1003A69E1 /* joydefs.c in Sources */,
				03B3BFF61D5648C1003A69E1 /* state.c in Sources */,
				03B3BFFF1D5648C1003A69E1 /* wall.c in Sources */,
				03B3BFEB1D5648C1003A69E1 /* paging.c in Sources */,
				03B3BFD41D5648C1003A69E1 /* hud.c in Sources */,
				03B3BFB31D5648C1003A69E1 /* 3dfx.c in Sources */,
				03B3BFF11D5648C1003A69E1 /* render.c in Sources */,
				03B3BFD71D5648C1003A69E1 /* digi.c in Sources */,
				03B3BFDC1D5648C1003A69E1 /* laser.c in Sources */,
				03B3BFE31D5648C1003A69E1 /* movie.c in Sources */,
				03B3BFE81D5648C1003A69E1 /* newdemo.c in Sources */,
				03B3BFCD1D5648C1003A69E1 /* gamerend.c in Sources */,
				03B3BFBC1D5648C1003A69E1 /* collide.c in Sources */,
				03B3BFD21D5648C1003A69E1 /* hmp.c in Sources */,
				03B3BFB41D5648C1003A69E1 /* ai.c in Sources */,
				03B3BFBD1D5648C1003A69E1 /* config.c in Sources */,
				03B3BFEE1D5648C1003A69E1 /* playsave.c in Sources */,
				03B3BFBE1D5648C1003A69E1 /* controls.c in Sources */,
				03B3BFC51D5648C1003A69E1 /* fireball.c in Sources */,
				03B3BFF21D5648C1003A69E1 /* robot.c in Sources */,
				03B3BFD61D5648C1003A69E1 /* inferno.c in Sources */,
			);
			runOnlyForDeploymentPostprocessing = 0;
		};
/* End PBXSourcesBuildPhase section */

/* Begin XCBuildConfiguration section */
		0384219E1C83FEED00361C3C /* Debug (Software) */ = {
			isa = XCBuildConfiguration;
			buildSettings = {
				ALWAYS_SEARCH_USER_PATHS = NO;
				CLANG_CXX_LANGUAGE_STANDARD = "gnu++0x";
				CLANG_CXX_LIBRARY = "libc++";
				CLANG_ENABLE_MODULES = YES;
				CLANG_ENABLE_OBJC_ARC = YES;
				CLANG_WARN_BOOL_CONVERSION = YES;
				CLANG_WARN_CONSTANT_CONVERSION = YES;
				CLANG_WARN_DIRECT_OBJC_ISA_USAGE = YES_ERROR;
				CLANG_WARN_EMPTY_BODY = YES;
				CLANG_WARN_ENUM_CONVERSION = YES;
				CLANG_WARN_INT_CONVERSION = YES;
				CLANG_WARN_OBJC_ROOT_CLASS = YES_ERROR;
				CLANG_WARN_UNREACHABLE_CODE = YES;
				CLANG_WARN__DUPLICATE_METHOD_MATCH = YES;
				"CODE_SIGN_IDENTITY[sdk=iphoneos*]" = "iPhone Developer";
				COPY_PHASE_STRIP = NO;
				DEBUG_INFORMATION_FORMAT = dwarf;
				ENABLE_STRICT_OBJC_MSGSEND = YES;
				ENABLE_TESTABILITY = YES;
				GCC_C_LANGUAGE_STANDARD = gnu99;
				GCC_DYNAMIC_NO_PIC = NO;
				GCC_NO_COMMON_BLOCKS = YES;
				GCC_OPTIMIZATION_LEVEL = 0;
				GCC_PREPROCESSOR_DEFINITIONS = (
					"DEBUG=1",
					"$(inherited)",
				);
				GCC_WARN_64_TO_32_BIT_CONVERSION = YES;
				GCC_WARN_ABOUT_RETURN_TYPE = YES_ERROR;
				GCC_WARN_UNDECLARED_SELECTOR = YES;
				GCC_WARN_UNINITIALIZED_AUTOS = YES_AGGRESSIVE;
				GCC_WARN_UNUSED_FUNCTION = YES;
				GCC_WARN_UNUSED_VARIABLE = YES;
				IPHONEOS_DEPLOYMENT_TARGET = 9.2;
				MTL_ENABLE_DEBUG_INFO = YES;
				ONLY_ACTIVE_ARCH = YES;
				SDKROOT = iphoneos;
			};
			name = "Debug (Software)";
		};
		0384219F1C83FEED00361C3C /* Release (Software) */ = {
			isa = XCBuildConfiguration;
			buildSettings = {
				ALWAYS_SEARCH_USER_PATHS = NO;
				CLANG_CXX_LANGUAGE_STANDARD = "gnu++0x";
				CLANG_CXX_LIBRARY = "libc++";
				CLANG_ENABLE_MODULES = YES;
				CLANG_ENABLE_OBJC_ARC = YES;
				CLANG_WARN_BOOL_CONVERSION = YES;
				CLANG_WARN_CONSTANT_CONVERSION = YES;
				CLANG_WARN_DIRECT_OBJC_ISA_USAGE = YES_ERROR;
				CLANG_WARN_EMPTY_BODY = YES;
				CLANG_WARN_ENUM_CONVERSION = YES;
				CLANG_WARN_INT_CONVERSION = YES;
				CLANG_WARN_OBJC_ROOT_CLASS = YES_ERROR;
				CLANG_WARN_UNREACHABLE_CODE = YES;
				CLANG_WARN__DUPLICATE_METHOD_MATCH = YES;
				"CODE_SIGN_IDENTITY[sdk=iphoneos*]" = "iPhone Developer";
				COPY_PHASE_STRIP = NO;
				DEBUG_INFORMATION_FORMAT = "dwarf-with-dsym";
				ENABLE_NS_ASSERTIONS = NO;
				ENABLE_STRICT_OBJC_MSGSEND = YES;
				GCC_C_LANGUAGE_STANDARD = gnu99;
				GCC_NO_COMMON_BLOCKS = YES;
				GCC_PREPROCESSOR_DEFINITIONS = (
					NDEBUG,
					RELEASE,
				);
				GCC_WARN_64_TO_32_BIT_CONVERSION = YES;
				GCC_WARN_ABOUT_RETURN_TYPE = YES_ERROR;
				GCC_WARN_UNDECLARED_SELECTOR = YES;
				GCC_WARN_UNINITIALIZED_AUTOS = YES_AGGRESSIVE;
				GCC_WARN_UNUSED_FUNCTION = YES;
				GCC_WARN_UNUSED_VARIABLE = YES;
				IPHONEOS_DEPLOYMENT_TARGET = 9.2;
				MTL_ENABLE_DEBUG_INFO = NO;
				SDKROOT = iphoneos;
				VALIDATE_PRODUCT = YES;
			};
			name = "Release (Software)";
		};
		038421A11C83FEED00361C3C /* Debug (Software) */ = {
			isa = XCBuildConfiguration;
			buildSettings = {
				OTHER_LDFLAGS = "-ObjC";
				PRODUCT_NAME = main;
				SKIP_INSTALL = YES;
				USER_HEADER_SEARCH_PATHS = "../io ../fix ../misc ../vecmat ../pa_null ../2d ../cfile ../3d ../iff ../mem ../texmap ../Descent2 ../libmve ../texmap/ogles";
			};
			name = "Debug (Software)";
		};
		038421A21C83FEED00361C3C /* Release (Software) */ = {
			isa = XCBuildConfiguration;
			buildSettings = {
				OTHER_LDFLAGS = "-ObjC";
				PRODUCT_NAME = main;
				SKIP_INSTALL = YES;
				USER_HEADER_SEARCH_PATHS = "../io ../fix ../misc ../vecmat ../pa_null ../2d ../cfile ../3d ../iff ../mem ../texmap ../Descent2 ../libmve ../texmap/ogles";
			};
			name = "Release (Software)";
		};
		03F1DD241C9F5715008AA444 /* Debug (OpenGL ES) */ = {
			isa = XCBuildConfiguration;
			buildSettings = {
				ALWAYS_SEARCH_USER_PATHS = NO;
				CLANG_CXX_LANGUAGE_STANDARD = "gnu++0x";
				CLANG_CXX_LIBRARY = "libc++";
				CLANG_ENABLE_MODULES = YES;
				CLANG_ENABLE_OBJC_ARC = YES;
				CLANG_WARN_BOOL_CONVERSION = YES;
				CLANG_WARN_CONSTANT_CONVERSION = YES;
				CLANG_WARN_DIRECT_OBJC_ISA_USAGE = YES_ERROR;
				CLANG_WARN_EMPTY_BODY = YES;
				CLANG_WARN_ENUM_CONVERSION = YES;
				CLANG_WARN_INT_CONVERSION = YES;
				CLANG_WARN_OBJC_ROOT_CLASS = YES_ERROR;
				CLANG_WARN_UNREACHABLE_CODE = YES;
				CLANG_WARN__DUPLICATE_METHOD_MATCH = YES;
				"CODE_SIGN_IDENTITY[sdk=iphoneos*]" = "iPhone Developer";
				COPY_PHASE_STRIP = NO;
				DEBUG_INFORMATION_FORMAT = dwarf;
				ENABLE_STRICT_OBJC_MSGSEND = YES;
				ENABLE_TESTABILITY = YES;
				GCC_C_LANGUAGE_STANDARD = gnu99;
				GCC_DYNAMIC_NO_PIC = NO;
				GCC_NO_COMMON_BLOCKS = YES;
				GCC_OPTIMIZATION_LEVEL = 0;
				GCC_PREPROCESSOR_DEFINITIONS = (
					"DEBUG=1",
					"$(inherited)",
					OGLES,
				);
				GCC_WARN_64_TO_32_BIT_CONVERSION = YES;
				GCC_WARN_ABOUT_RETURN_TYPE = YES_ERROR;
				GCC_WARN_UNDECLARED_SELECTOR = YES;
				GCC_WARN_UNINITIALIZED_AUTOS = YES_AGGRESSIVE;
				GCC_WARN_UNUSED_FUNCTION = YES;
				GCC_WARN_UNUSED_VARIABLE = YES;
				IPHONEOS_DEPLOYMENT_TARGET = 9.2;
				MTL_ENABLE_DEBUG_INFO = YES;
				ONLY_ACTIVE_ARCH = YES;
				SDKROOT = iphoneos;
			};
			name = "Debug (OpenGL ES)";
		};
		03F1DD251C9F5715008AA444 /* Debug (OpenGL ES) */ = {
			isa = XCBuildConfiguration;
			buildSettings = {
				OTHER_LDFLAGS = "-ObjC";
				PRODUCT_NAME = main;
				SKIP_INSTALL = YES;
				USER_HEADER_SEARCH_PATHS = "../io ../fix ../misc ../vecmat ../pa_null ../2d ../cfile ../3d ../iff ../mem ../texmap ../Descent2 ../libmve ../texmap/ogles";
			};
			name = "Debug (OpenGL ES)";
		};
		03F1DD261C9F571C008AA444 /* Release (OpenGL ES) */ = {
			isa = XCBuildConfiguration;
			buildSettings = {
				ALWAYS_SEARCH_USER_PATHS = NO;
				CLANG_CXX_LANGUAGE_STANDARD = "gnu++0x";
				CLANG_CXX_LIBRARY = "libc++";
				CLANG_ENABLE_MODULES = YES;
				CLANG_ENABLE_OBJC_ARC = YES;
				CLANG_WARN_BOOL_CONVERSION = YES;
				CLANG_WARN_CONSTANT_CONVERSION = YES;
				CLANG_WARN_DIRECT_OBJC_ISA_USAGE = YES_ERROR;
				CLANG_WARN_EMPTY_BODY = YES;
				CLANG_WARN_ENUM_CONVERSION = YES;
				CLANG_WARN_INT_CONVERSION = YES;
				CLANG_WARN_OBJC_ROOT_CLASS = YES_ERROR;
				CLANG_WARN_UNREACHABLE_CODE = YES;
				CLANG_WARN__DUPLICATE_METHOD_MATCH = YES;
				"CODE_SIGN_IDENTITY[sdk=iphoneos*]" = "iPhone Developer";
				COPY_PHASE_STRIP = NO;
				DEBUG_INFORMATION_FORMAT = "dwarf-with-dsym";
				ENABLE_NS_ASSERTIONS = NO;
				ENABLE_STRICT_OBJC_MSGSEND = YES;
				GCC_C_LANGUAGE_STANDARD = gnu99;
				GCC_NO_COMMON_BLOCKS = YES;
				GCC_PREPROCESSOR_DEFINITIONS = (
					OGLES,
					NDEBUG,
					RELEASE,
				);
				GCC_WARN_64_TO_32_BIT_CONVERSION = YES;
				GCC_WARN_ABOUT_RETURN_TYPE = YES_ERROR;
				GCC_WARN_UNDECLARED_SELECTOR = YES;
				GCC_WARN_UNINITIALIZED_AUTOS = YES_AGGRESSIVE;
				GCC_WARN_UNUSED_FUNCTION = YES;
				GCC_WARN_UNUSED_VARIABLE = YES;
				IPHONEOS_DEPLOYMENT_TARGET = 9.2;
				MTL_ENABLE_DEBUG_INFO = NO;
				SDKROOT = iphoneos;
				VALIDATE_PRODUCT = YES;
			};
			name = "Release (OpenGL ES)";
		};
		03F1DD271C9F571C008AA444 /* Release (OpenGL ES) */ = {
			isa = XCBuildConfiguration;
			buildSettings = {
				OTHER_LDFLAGS = "-ObjC";
				PRODUCT_NAME = main;
				SKIP_INSTALL = YES;
				USER_HEADER_SEARCH_PATHS = "../io ../fix ../misc ../vecmat ../pa_null ../2d ../cfile ../3d ../iff ../mem ../texmap ../Descent2 ../libmve ../texmap/ogles";
			};
			name = "Release (OpenGL ES)";
		};
/* End XCBuildConfiguration section */

/* Begin XCConfigurationList section */
		038421921C83FEED00361C3C /* Build configuration list for PBXProject "main" */ = {
			isa = XCConfigurationList;
			buildConfigurations = (
				0384219E1C83FEED00361C3C /* Debug (Software) */,
				03F1DD241C9F5715008AA444 /* Debug (OpenGL ES) */,
				0384219F1C83FEED00361C3C /* Release (Software) */,
				03F1DD261C9F571C008AA444 /* Release (OpenGL ES) */,
			);
			defaultConfigurationIsVisible = 0;
			defaultConfigurationName = "Release (Software)";
		};
		038421A01C83FEED00361C3C /* Build configuration list for PBXNativeTarget "main" */ = {
			isa = XCConfigurationList;
			buildConfigurations = (
				038421A11C83FEED00361C3C /* Debug (Software) */,
				03F1DD251C9F5715008AA444 /* Debug (OpenGL ES) */,
				038421A21C83FEED00361C3C /* Release (Software) */,
				03F1DD271C9F571C008AA444 /* Release (OpenGL ES) */,
			);
			defaultConfigurationIsVisible = 0;
			defaultConfigurationName = "Release (Software)";
		};
/* End XCConfigurationList section */
	};
	rootObject = 0384218F1C83FEED00361C3C /* Project object */;
}
