// !$*UTF8*$!
{
	archiveVersion = 1;
	classes = {
	};
	objectVersion = 46;
	objects = {

/* Begin PBXBuildFile section */
		0396204B1D564D1300C0B838 /* dpmi.c in Sources */ = {isa = PBXBuildFile; fileRef = 0396203B1D564D1300C0B838 /* dpmi.c */; };
		0396204C1D564D1300C0B838 /* ipx.c in Sources */ = {isa = PBXBuildFile; fileRef = 0396203E1D564D1300C0B838 /* ipx.c */; };
		0396204D1D564D1300C0B838 /* joy.c in Sources */ = {isa = PBXBuildFile; fileRef = 039620401D564D1300C0B838 /* joy.c */; };
		0396204E1D564D1300C0B838 /* key.c in Sources */ = {isa = PBXBuildFile; fileRef = 039620421D564D1300C0B838 /* key.c */; };
		0396204F1D564D1300C0B838 /* mono.c in Sources */ = {isa = PBXBuildFile; fileRef = 039620441D564D1300C0B838 /* mono.c */; };
		039620501D564D1300C0B838 /* mouse.c in Sources */ = {isa = PBXBuildFile; fileRef = 039620461D564D1300C0B838 /* mouse.c */; };
		039620511D564D1300C0B838 /* timer.c in Sources */ = {isa = PBXBuildFile; fileRef = 039620491D564D1300C0B838 /* timer.c */; };
/* End PBXBuildFile section */

/* Begin PBXCopyFilesBuildPhase section */
		038421251C83F8BB00361C3C /* CopyFiles */ = {
			isa = PBXCopyFilesBuildPhase;
			buildActionMask = 2147483647;
			dstPath = "include/$(PRODUCT_NAME)";
			dstSubfolderSpec = 16;
			files = (
			);
			runOnlyForDeploymentPostprocessing = 0;
		};
/* End PBXCopyFilesBuildPhase section */

/* Begin PBXFileReference section */
		038421271C83F8BB00361C3C /* libio.a */ = {isa = PBXFileReference; explicitFileType = archive.ar; includeInIndex = 0; path = libio.a; sourceTree = BUILT_PRODUCTS_DIR; };
		0396203B1D564D1300C0B838 /* dpmi.c */ = {isa = PBXFileReference; fileEncoding = 4; lastKnownFileType = sourcecode.c.c; name = dpmi.c; path = ../io/dpmi.c; sourceTree = "<group>"; };
		0396203C1D564D1300C0B838 /* dpmi.h */ = {isa = PBXFileReference; fileEncoding = 4; lastKnownFileType = sourcecode.c.h; name = dpmi.h; path = ../io/dpmi.h; sourceTree = "<group>"; };
		0396203D1D564D1300C0B838 /* error.h */ = {isa = PBXFileReference; fileEncoding = 4; lastKnownFileType = sourcecode.c.h; name = error.h; path = ../io/error.h; sourceTree = "<group>"; };
		0396203E1D564D1300C0B838 /* ipx.c */ = {isa = PBXFileReference; fileEncoding = 4; lastKnownFileType = sourcecode.c.c; name = ipx.c; path = ../io/ipx.c; sourceTree = "<group>"; };
		0396203F1D564D1300C0B838 /* ipx.h */ = {isa = PBXFileReference; fileEncoding = 4; lastKnownFileType = sourcecode.c.h; name = ipx.h; path = ../io/ipx.h; sourceTree = "<group>"; };
		039620401D564D1300C0B838 /* joy.c */ = {isa = PBXFileReference; fileEncoding = 4; lastKnownFileType = sourcecode.c.c; name = joy.c; path = ../io/joy.c; sourceTree = "<group>"; };
		039620411D564D1300C0B838 /* joy.h */ = {isa = PBXFileReference; fileEncoding = 4; lastKnownFileType = sourcecode.c.h; name = joy.h; path = ../io/joy.h; sourceTree = "<group>"; };
		039620421D564D1300C0B838 /* key.c */ = {isa = PBXFileReference; fileEncoding = 4; lastKnownFileType = sourcecode.c.c; name = key.c; path = ../io/key.c; sourceTree = "<group>"; };
		039620431D564D1300C0B838 /* key.h */ = {isa = PBXFileReference; fileEncoding = 4; lastKnownFileType = sourcecode.c.h; name = key.h; path = ../io/key.h; sourceTree = "<group>"; };
		039620441D564D1300C0B838 /* mono.c */ = {isa = PBXFileReference; fileEncoding = 4; lastKnownFileType = sourcecode.c.c; name = mono.c; path = ../io/mono.c; sourceTree = "<group>"; };
		039620451D564D1300C0B838 /* mono.h */ = {isa = PBXFileReference; fileEncoding = 4; lastKnownFileType = sourcecode.c.h; name = mono.h; path = ../io/mono.h; sourceTree = "<group>"; };
		039620461D564D1300C0B838 /* mouse.c */ = {isa = PBXFileReference; fileEncoding = 4; lastKnownFileType = sourcecode.c.c; name = mouse.c; path = ../io/mouse.c; sourceTree = "<group>"; };
		039620471D564D1300C0B838 /* mouse.h */ = {isa = PBXFileReference; fileEncoding = 4; lastKnownFileType = sourcecode.c.h; name = mouse.h; path = ../io/mouse.h; sourceTree = "<group>"; };
		039620481D564D1300C0B838 /* swiftcfg.h */ = {isa = PBXFileReference; fileEncoding = 4; lastKnownFileType = sourcecode.c.h; name = swiftcfg.h; path = ../io/swiftcfg.h; sourceTree = "<group>"; };
		039620491D564D1300C0B838 /* timer.c */ = {isa = PBXFileReference; fileEncoding = 4; lastKnownFileType = sourcecode.c.c; name = timer.c; path = ../io/timer.c; sourceTree = "<group>"; };
		0396204A1D564D1300C0B838 /* timer.h */ = {isa = PBXFileReference; fileEncoding = 4; lastKnownFileType = sourcecode.c.h; name = timer.h; path = ../io/timer.h; sourceTree = "<group>"; };
/* End PBXFileReference section */

/* Begin PBXFrameworksBuildPhase section */
		038421241C83F8BB00361C3C /* Frameworks */ = {
			isa = PBXFrameworksBuildPhase;
			buildActionMask = 2147483647;
			files = (
			);
			runOnlyForDeploymentPostprocessing = 0;
		};
/* End PBXFrameworksBuildPhase section */

/* Begin PBXGroup section */
		0384211E1C83F8BB00361C3C = {
			isa = PBXGroup;
			children = (
				039620521D564D1800C0B838 /* io */,
				038421281C83F8BB00361C3C /* Products */,
			);
			sourceTree = "<group>";
		};
		038421281C83F8BB00361C3C /* Products */ = {
			isa = PBXGroup;
			children = (
				038421271C83F8BB00361C3C /* libio.a */,
			);
			name = Products;
			sourceTree = "<group>";
		};
		039620521D564D1800C0B838 /* io */ = {
			isa = PBXGroup;
			children = (
				0396203B1D564D1300C0B838 /* dpmi.c */,
				0396203C1D564D1300C0B838 /* dpmi.h */,
				0396203D1D564D1300C0B838 /* error.h */,
				0396203E1D564D1300C0B838 /* ipx.c */,
				0396203F1D564D1300C0B838 /* ipx.h */,
				039620401D564D1300C0B838 /* joy.c */,
				039620411D564D1300C0B838 /* joy.h */,
				039620421D564D1300C0B838 /* key.c */,
				039620431D564D1300C0B838 /* key.h */,
				039620441D564D1300C0B838 /* mono.c */,
				039620451D564D1300C0B838 /* mono.h */,
				039620461D564D1300C0B838 /* mouse.c */,
				039620471D564D1300C0B838 /* mouse.h */,
				039620481D564D1300C0B838 /* swiftcfg.h */,
				039620491D564D1300C0B838 /* timer.c */,
				0396204A1D564D1300C0B838 /* timer.h */,
			);
			name = io;
			sourceTree = "<group>";
		};
/* End PBXGroup section */

/* Begin PBXNativeTarget section */
		038421261C83F8BB00361C3C /* io */ = {
			isa = PBXNativeTarget;
			buildConfigurationList = 038421301C83F8BB00361C3C /* Build configuration list for PBXNativeTarget "io" */;
			buildPhases = (
				038421231C83F8BB00361C3C /* Sources */,
				038421241C83F8BB00361C3C /* Frameworks */,
				038421251C83F8BB00361C3C /* CopyFiles */,
			);
			buildRules = (
			);
			dependencies = (
			);
			name = io;
			productName = IO;
			productReference = 038421271C83F8BB00361C3C /* libio.a */;
			productType = "com.apple.product-type.library.static";
		};
/* End PBXNativeTarget section */

/* Begin PBXProject section */
		0384211F1C83F8BB00361C3C /* Project object */ = {
			isa = PBXProject;
			attributes = {
				LastUpgradeCheck = 0720;
				ORGANIZATIONNAME = "Devin Tuchsen";
				TargetAttributes = {
					038421261C83F8BB00361C3C = {
						CreatedOnToolsVersion = 7.2;
						DevelopmentTeam = 6WGTX4TY92;
					};
				};
			};
			buildConfigurationList = 038421221C83F8BB00361C3C /* Build configuration list for PBXProject "io" */;
			compatibilityVersion = "Xcode 3.2";
			developmentRegion = English;
			hasScannedForEncodings = 0;
			knownRegions = (
				en,
			);
			mainGroup = 0384211E1C83F8BB00361C3C;
			productRefGroup = 038421281C83F8BB00361C3C /* Products */;
			projectDirPath = "";
			projectRoot = "";
			targets = (
				038421261C83F8BB00361C3C /* io */,
			);
		};
/* End PBXProject section */

/* Begin PBXSourcesBuildPhase section */
		038421231C83F8BB00361C3C /* Sources */ = {
			isa = PBXSourcesBuildPhase;
			buildActionMask = 2147483647;
			files = (
				0396204F1D564D1300C0B838 /* mono.c in Sources */,
				0396204D1D564D1300C0B838 /* joy.c in Sources */,
				039620511D564D1300C0B838 /* timer.c in Sources */,
				0396204B1D564D1300C0B838 /* dpmi.c in Sources */,
				039620501D564D1300C0B838 /* mouse.c in Sources */,
				0396204C1D564D1300C0B838 /* ipx.c in Sources */,
				0396204E1D564D1300C0B838 /* key.c in Sources */,
			);
			runOnlyForDeploymentPostprocessing = 0;
		};
/* End PBXSourcesBuildPhase section */

/* Begin XCBuildConfiguration section */
		0384212E1C83F8BB00361C3C /* Debug (Software) */ = {
			isa = XCBuildConfiguration;
			buildSettings = {
				ALWAYS_SEARCH_USER_PATHS = NO;
				CLANG_CXX_LANGUAGE_STANDARD = "gnu++0x";
				CLANG_CXX_LIBRARY = "libc++";
				CLANG_ENABLE_MODULES = YES;
				CLANG_ENABLE_OBJC_ARC = YES;
				CLANG_WARN_BOOL_CONVERSION = YES;
				CLANG_WARN_CONSTANT_CONVERSION = YES;
				CLANG_WARN_DIRECT_OBJC_ISA_USAGE = YES_ERROR;
				CLANG_WARN_EMPTY_BODY = YES;
				CLANG_WARN_ENUM_CONVERSION = YES;
				CLANG_WARN_INT_CONVERSION = YES;
				CLANG_WARN_OBJC_ROOT_CLASS = YES_ERROR;
				CLANG_WARN_UNREACHABLE_CODE = YES;
				CLANG_WARN__DUPLICATE_METHOD_MATCH = YES;
				"CODE_SIGN_IDENTITY[sdk=iphoneos*]" = "iPhone Developer";
				COPY_PHASE_STRIP = NO;
				DEBUG_INFORMATION_FORMAT = dwarf;
				ENABLE_STRICT_OBJC_MSGSEND = YES;
				ENABLE_TESTABILITY = YES;
				GCC_C_LANGUAGE_STANDARD = gnu99;
				GCC_DYNAMIC_NO_PIC = NO;
				GCC_NO_COMMON_BLOCKS = YES;
				GCC_OPTIMIZATION_LEVEL = 0;
				GCC_PREPROCESSOR_DEFINITIONS = (
					"DEBUG=1",
					"$(inherited)",
				);
				GCC_WARN_64_TO_32_BIT_CONVERSION = YES;
				GCC_WARN_ABOUT_RETURN_TYPE = YES_ERROR;
				GCC_WARN_UNDECLARED_SELECTOR = YES;
				GCC_WARN_UNINITIALIZED_AUTOS = YES_AGGRESSIVE;
				GCC_WARN_UNUSED_FUNCTION = YES;
				GCC_WARN_UNUSED_VARIABLE = YES;
				IPHONEOS_DEPLOYMENT_TARGET = 9.2;
				MTL_ENABLE_DEBUG_INFO = YES;
				ONLY_ACTIVE_ARCH = YES;
				SDKROOT = iphoneos;
			};
			name = "Debug (Software)";
		};
		0384212F1C83F8BB00361C3C /* Release (Software) */ = {
			isa = XCBuildConfiguration;
			buildSettings = {
				ALWAYS_SEARCH_USER_PATHS = NO;
				CLANG_CXX_LANGUAGE_STANDARD = "gnu++0x";
				CLANG_CXX_LIBRARY = "libc++";
				CLANG_ENABLE_MODULES = YES;
				CLANG_ENABLE_OBJC_ARC = YES;
				CLANG_WARN_BOOL_CONVERSION = YES;
				CLANG_WARN_CONSTANT_CONVERSION = YES;
				CLANG_WARN_DIRECT_OBJC_ISA_USAGE = YES_ERROR;
				CLANG_WARN_EMPTY_BODY = YES;
				CLANG_WARN_ENUM_CONVERSION = YES;
				CLANG_WARN_INT_CONVERSION = YES;
				CLANG_WARN_OBJC_ROOT_CLASS = YES_ERROR;
				CLANG_WARN_UNREACHABLE_CODE = YES;
				CLANG_WARN__DUPLICATE_METHOD_MATCH = YES;
				"CODE_SIGN_IDENTITY[sdk=iphoneos*]" = "iPhone Developer";
				COPY_PHASE_STRIP = NO;
				DEBUG_INFORMATION_FORMAT = "dwarf-with-dsym";
				ENABLE_NS_ASSERTIONS = NO;
				ENABLE_STRICT_OBJC_MSGSEND = YES;
				GCC_C_LANGUAGE_STANDARD = gnu99;
				GCC_NO_COMMON_BLOCKS = YES;
				GCC_PREPROCESSOR_DEFINITIONS = (
					NDEBUG,
					RELEASE,
				);
				GCC_WARN_64_TO_32_BIT_CONVERSION = YES;
				GCC_WARN_ABOUT_RETURN_TYPE = YES_ERROR;
				GCC_WARN_UNDECLARED_SELECTOR = YES;
				GCC_WARN_UNINITIALIZED_AUTOS = YES_AGGRESSIVE;
				GCC_WARN_UNUSED_FUNCTION = YES;
				GCC_WARN_UNUSED_VARIABLE = YES;
				IPHONEOS_DEPLOYMENT_TARGET = 9.2;
				MTL_ENABLE_DEBUG_INFO = NO;
				SDKROOT = iphoneos;
				VALIDATE_PRODUCT = YES;
			};
			name = "Release (Software)";
		};
		038421311C83F8BB00361C3C /* Debug (Software) */ = {
			isa = XCBuildConfiguration;
			buildSettings = {
				OTHER_LDFLAGS = "-ObjC";
				PRODUCT_NAME = io;
				SKIP_INSTALL = YES;
				USER_HEADER_SEARCH_PATHS = "../pa_null ../fix ../misc ../Descent2 ../main ../vecmat ../2d";
			};
			name = "Debug (Software)";
		};
		038421321C83F8BB00361C3C /* Release (Software) */ = {
			isa = XCBuildConfiguration;
			buildSettings = {
				OTHER_LDFLAGS = "-ObjC";
				PRODUCT_NAME = io;
				SKIP_INSTALL = YES;
				USER_HEADER_SEARCH_PATHS = "../pa_null ../fix ../misc ../Descent2 ../main ../vecmat ../2d";
			};
			name = "Release (Software)";
		};
		03F1DD1C1C9F568D008AA444 /* Debug (OpenGL ES) */ = {
			isa = XCBuildConfiguration;
			buildSettings = {
				ALWAYS_SEARCH_USER_PATHS = NO;
				CLANG_CXX_LANGUAGE_STANDARD = "gnu++0x";
				CLANG_CXX_LIBRARY = "libc++";
				CLANG_ENABLE_MODULES = YES;
				CLANG_ENABLE_OBJC_ARC = YES;
				CLANG_WARN_BOOL_CONVERSION = YES;
				CLANG_WARN_CONSTANT_CONVERSION = YES;
				CLANG_WARN_DIRECT_OBJC_ISA_USAGE = YES_ERROR;
				CLANG_WARN_EMPTY_BODY = YES;
				CLANG_WARN_ENUM_CONVERSION = YES;
				CLANG_WARN_INT_CONVERSION = YES;
				CLANG_WARN_OBJC_ROOT_CLASS = YES_ERROR;
				CLANG_WARN_UNREACHABLE_CODE = YES;
				CLANG_WARN__DUPLICATE_METHOD_MATCH = YES;
				"CODE_SIGN_IDENTITY[sdk=iphoneos*]" = "iPhone Developer";
				COPY_PHASE_STRIP = NO;
				DEBUG_INFORMATION_FORMAT = dwarf;
				ENABLE_STRICT_OBJC_MSGSEND = YES;
				ENABLE_TESTABILITY = YES;
				GCC_C_LANGUAGE_STANDARD = gnu99;
				GCC_DYNAMIC_NO_PIC = NO;
				GCC_NO_COMMON_BLOCKS = YES;
				GCC_OPTIMIZATION_LEVEL = 0;
				GCC_PREPROCESSOR_DEFINITIONS = (
					"DEBUG=1",
					"$(inherited)",
					OGLES,
				);
				GCC_WARN_64_TO_32_BIT_CONVERSION = YES;
				GCC_WARN_ABOUT_RETURN_TYPE = YES_ERROR;
				GCC_WARN_UNDECLARED_SELECTOR = YES;
				GCC_WARN_UNINITIALIZED_AUTOS = YES_AGGRESSIVE;
				GCC_WARN_UNUSED_FUNCTION = YES;
				GCC_WARN_UNUSED_VARIABLE = YES;
				IPHONEOS_DEPLOYMENT_TARGET = 9.2;
				MTL_ENABLE_DEBUG_INFO = YES;
				ONLY_ACTIVE_ARCH = YES;
				SDKROOT = iphoneos;
			};
			name = "Debug (OpenGL ES)";
		};
		03F1DD1D1C9F568D008AA444 /* Debug (OpenGL ES) */ = {
			isa = XCBuildConfiguration;
			buildSettings = {
				OTHER_LDFLAGS = "-ObjC";
				PRODUCT_NAME = io;
				SKIP_INSTALL = YES;
				USER_HEADER_SEARCH_PATHS = "../pa_null ../fix ../misc ../Descent2 ../main ../vecmat ../2d";
			};
			name = "Debug (OpenGL ES)";
		};
		03F1DD1E1C9F5694008AA444 /* Release (OpenGL ES) */ = {
			isa = XCBuildConfiguration;
			buildSettings = {
				ALWAYS_SEARCH_USER_PATHS = NO;
				CLANG_CXX_LANGUAGE_STANDARD = "gnu++0x";
				CLANG_CXX_LIBRARY = "libc++";
				CLANG_ENABLE_MODULES = YES;
				CLANG_ENABLE_OBJC_ARC = YES;
				CLANG_WARN_BOOL_CONVERSION = YES;
				CLANG_WARN_CONSTANT_CONVERSION = YES;
				CLANG_WARN_DIRECT_OBJC_ISA_USAGE = YES_ERROR;
				CLANG_WARN_EMPTY_BODY = YES;
				CLANG_WARN_ENUM_CONVERSION = YES;
				CLANG_WARN_INT_CONVERSION = YES;
				CLANG_WARN_OBJC_ROOT_CLASS = YES_ERROR;
				CLANG_WARN_UNREACHABLE_CODE = YES;
				CLANG_WARN__DUPLICATE_METHOD_MATCH = YES;
				"CODE_SIGN_IDENTITY[sdk=iphoneos*]" = "iPhone Developer";
				COPY_PHASE_STRIP = NO;
				DEBUG_INFORMATION_FORMAT = "dwarf-with-dsym";
				ENABLE_NS_ASSERTIONS = NO;
				ENABLE_STRICT_OBJC_MSGSEND = YES;
				GCC_C_LANGUAGE_STANDARD = gnu99;
				GCC_NO_COMMON_BLOCKS = YES;
				GCC_PREPROCESSOR_DEFINITIONS = (
					OGLES,
					NDEBUG,
					RELEASE,
				);
				GCC_WARN_64_TO_32_BIT_CONVERSION = YES;
				GCC_WARN_ABOUT_RETURN_TYPE = YES_ERROR;
				GCC_WARN_UNDECLARED_SELECTOR = YES;
				GCC_WARN_UNINITIALIZED_AUTOS = YES_AGGRESSIVE;
				GCC_WARN_UNUSED_FUNCTION = YES;
				GCC_WARN_UNUSED_VARIABLE = YES;
				IPHONEOS_DEPLOYMENT_TARGET = 9.2;
				MTL_ENABLE_DEBUG_INFO = NO;
				SDKROOT = iphoneos;
				VALIDATE_PRODUCT = YES;
			};
			name = "Release (OpenGL ES)";
		};
		03F1DD1F1C9F5694008AA444 /* Release (OpenGL ES) */ = {
			isa = XCBuildConfiguration;
			buildSettings = {
				OTHER_LDFLAGS = "-ObjC";
				PRODUCT_NAME = io;
				SKIP_INSTALL = YES;
				USER_HEADER_SEARCH_PATHS = "../pa_null ../fix ../misc ../Descent2 ../main ../vecmat ../2d";
			};
			name = "Release (OpenGL ES)";
		};
/* End XCBuildConfiguration section */

/* Begin XCConfigurationList section */
		038421221C83F8BB00361C3C /* Build configuration list for PBXProject "io" */ = {
			isa = XCConfigurationList;
			buildConfigurations = (
				0384212E1C83F8BB00361C3C /* Debug (Software) */,
				03F1DD1C1C9F568D008AA444 /* Debug (OpenGL ES) */,
				0384212F1C83F8BB00361C3C /* Release (Software) */,
				03F1DD1E1C9F5694008AA444 /* Release (OpenGL ES) */,
			);
			defaultConfigurationIsVisible = 0;
			defaultConfigurationName = "Release (Software)";
		};
		038421301C83F8BB00361C3C /* Build configuration list for PBXNativeTarget "io" */ = {
			isa = XCConfigurationList;
			buildConfigurations = (
				038421311C83F8BB00361C3C /* Debug (Software) */,
				03F1DD1D1C9F568D008AA444 /* Debug (OpenGL ES) */,
				038421321C83F8BB00361C3C /* Release (Software) */,
				03F1DD1F1C9F5694008AA444 /* Release (OpenGL ES) */,
			);
			defaultConfigurationIsVisible = 0;
			defaultConfigurationName = "Release (Software)";
		};
/* End XCConfigurationList section */
	};
	rootObject = 0384211F1C83F8BB00361C3C /* Project object */;
}
