// !$*UTF8*$!
{
	archiveVersion = 1;
	classes = {
	};
	objectVersion = 46;
	objects = {

/* Begin PBXBuildFile section */
		0351D5501C8500F20002F4FC /* OpenGLES.framework in Frameworks */ = {isa = PBXBuildFile; fileRef = 0351D54F1C8500F20002F4FC /* OpenGLES.framework */; };
		0351D5521C8500FA0002F4FC /* OpenAL.framework in Frameworks */ = {isa = PBXBuildFile; fileRef = 0351D5511C8500FA0002F4FC /* OpenAL.framework */; };
		0351D5571C8506510002F4FC /* main.m in Sources */ = {isa = PBXBuildFile; fileRef = 0351D5561C8506510002F4FC /* main.m */; };
		0351D5681C854F280002F4FC /* ControlsView.m in Sources */ = {isa = PBXBuildFile; fileRef = 0351D5671C854F280002F4FC /* ControlsView.m */; };
		0351D57D1C8565A90002F4FC /* LaunchScreen.storyboard in Resources */ = {isa = PBXBuildFile; fileRef = 0351D5771C8565A90002F4FC /* LaunchScreen.storyboard */; };
		0351D57E1C8565A90002F4FC /* Main-iPad.storyboard in Resources */ = {isa = PBXBuildFile; fileRef = 0351D5791C8565A90002F4FC /* Main-iPad.storyboard */; };
		0351D57F1C8565A90002F4FC /* Main.storyboard in Resources */ = {isa = PBXBuildFile; fileRef = 0351D57B1C8565A90002F4FC /* Main.storyboard */; };
		038421741C83FAB700361C3C /* Assets.xcassets in Resources */ = {isa = PBXBuildFile; fileRef = 038421731C83FAB700361C3C /* Assets.xcassets */; };
		038421831C83FAD300361C3C /* AppDelegate.m in Sources */ = {isa = PBXBuildFile; fileRef = 038421781C83FAD300361C3C /* AppDelegate.m */; };
		038421841C83FAD300361C3C /* Motion.m in Sources */ = {isa = PBXBuildFile; fileRef = 0384217A1C83FAD300361C3C /* Motion.m */; };
		038421851C83FAD300361C3C /* Music.m in Sources */ = {isa = PBXBuildFile; fileRef = 0384217C1C83FAD300361C3C /* Music.m */; };
		038421861C83FAD300361C3C /* RenderView.m in Sources */ = {isa = PBXBuildFile; fileRef = 0384217E1C83FAD300361C3C /* RenderView.m */; };
		038421871C83FAD300361C3C /* ViewController.m in Sources */ = {isa = PBXBuildFile; fileRef = 038421801C83FAD300361C3C /* ViewController.m */; };
		038421881C83FAD300361C3C /* ViewControllerC.m in Sources */ = {isa = PBXBuildFile; fileRef = 038421821C83FAD300361C3C /* ViewControllerC.m */; };
		039621201D56541900C0B838 /* alien1.pig in Resources */ = {isa = PBXBuildFile; fileRef = 039620E71D5651E700C0B838 /* alien1.pig */; };
		039621211D56541900C0B838 /* alien2.pig in Resources */ = {isa = PBXBuildFile; fileRef = 039620E81D5651E700C0B838 /* alien2.pig */; };
		039621221D56541900C0B838 /* descent2.ham in Resources */ = {isa = PBXBuildFile; fileRef = 039620E91D5651E700C0B838 /* descent2.ham */; };
		039621231D56541900C0B838 /* descent2.hog in Resources */ = {isa = PBXBuildFile; fileRef = 039620EA1D5651E700C0B838 /* descent2.hog */; };
		039621241D56541900C0B838 /* descent2.s22 in Resources */ = {isa = PBXBuildFile; fileRef = 039620EB1D5651E700C0B838 /* descent2.s22 */; };
		039621251D56541900C0B838 /* fire.pig in Resources */ = {isa = PBXBuildFile; fileRef = 039620EC1D5651E700C0B838 /* fire.pig */; };
		039621261D56541900C0B838 /* groupa.pig in Resources */ = {isa = PBXBuildFile; fileRef = 039620ED1D5651E700C0B838 /* groupa.pig */; };
		039621271D56541900C0B838 /* ice.pig in Resources */ = {isa = PBXBuildFile; fileRef = 039620EE1D5651E700C0B838 /* ice.pig */; };
		039621281D56541900C0B838 /* intro-h.mvl in Resources */ = {isa = PBXBuildFile; fileRef = 039620EF1D5651E700C0B838 /* intro-h.mvl */; };
		039621291D56541900C0B838 /* merlin_silver.sf2 in Resources */ = {isa = PBXBuildFile; fileRef = 039620F01D5651E700C0B838 /* merlin_silver.sf2 */; };
		0396212A1D56542400C0B838 /* other-h.mvl in Resources */ = {isa = PBXBuildFile; fileRef = 039621011D5651E700C0B838 /* other-h.mvl */; };
		0396212B1D56542400C0B838 /* robots-h.mvl in Resources */ = {isa = PBXBuildFile; fileRef = 039621021D5651E700C0B838 /* robots-h.mvl */; };
		0396212C1D56542400C0B838 /* water.pig in Resources */ = {isa = PBXBuildFile; fileRef = 039621031D5651E700C0B838 /* water.pig */; };
		039621591D56563800C0B838 /* music in Resources */ = {isa = PBXBuildFile; fileRef = 039621581D56563800C0B838 /* music */; };
		039ADC4E1D56644500F9780E /* lib2d.a in Frameworks */ = {isa = PBXBuildFile; fileRef = 039ADC401D56644500F9780E /* lib2d.a */; };
		039ADC4F1D56644500F9780E /* lib3d.a in Frameworks */ = {isa = PBXBuildFile; fileRef = 039ADC411D56644500F9780E /* lib3d.a */; };
		039ADC501D56644500F9780E /* libcfile.a in Frameworks */ = {isa = PBXBuildFile; fileRef = 039ADC421D56644500F9780E /* libcfile.a */; };
		039ADC511D56644500F9780E /* libfix.a in Frameworks */ = {isa = PBXBuildFile; fileRef = 039ADC431D56644500F9780E /* libfix.a */; };
		039ADC521D56644500F9780E /* libiff.a in Frameworks */ = {isa = PBXBuildFile; fileRef = 039ADC441D56644500F9780E /* libiff.a */; };
		039ADC531D56644500F9780E /* libio.a in Frameworks */ = {isa = PBXBuildFile; fileRef = 039ADC451D56644500F9780E /* libio.a */; };
		039ADC541D56644500F9780E /* libmain.a in Frameworks */ = {isa = PBXBuildFile; fileRef = 039ADC461D56644500F9780E /* libmain.a */; };
		039ADC551D56644500F9780E /* libmem.a in Frameworks */ = {isa = PBXBuildFile; fileRef = 039ADC471D56644500F9780E /* libmem.a */; };
		039ADC561D56644500F9780E /* libmisc.a in Frameworks */ = {isa = PBXBuildFile; fileRef = 039ADC481D56644500F9780E /* libmisc.a */; };
		039ADC571D56644500F9780E /* libmve.a in Frameworks */ = {isa = PBXBuildFile; fileRef = 039ADC491D56644500F9780E /* libmve.a */; };
		039ADC581D56644500F9780E /* libpa_null.a in Frameworks */ = {isa = PBXBuildFile; fileRef = 039ADC4A1D56644500F9780E /* libpa_null.a */; };
		039ADC591D56644500F9780E /* libtexmap.a in Frameworks */ = {isa = PBXBuildFile; fileRef = 039ADC4B1D56644500F9780E /* libtexmap.a */; };
		039ADC5A1D56644500F9780E /* libui.a in Frameworks */ = {isa = PBXBuildFile; fileRef = 039ADC4C1D56644500F9780E /* libui.a */; };
		039ADC5B1D56644500F9780E /* libvecmat.a in Frameworks */ = {isa = PBXBuildFile; fileRef = 039ADC4D1D56644500F9780E /* libvecmat.a */; };
/* End PBXBuildFile section */

/* Begin PBXFileReference section */
		0351D54F1C8500F20002F4FC /* OpenGLES.framework */ = {isa = PBXFileReference; lastKnownFileType = wrapper.framework; name = OpenGLES.framework; path = System/Library/Frameworks/OpenGLES.framework; sourceTree = SDKROOT; };
		0351D5511C8500FA0002F4FC /* OpenAL.framework */ = {isa = PBXFileReference; lastKnownFileType = wrapper.framework; name = OpenAL.framework; path = System/Library/Frameworks/OpenAL.framework; sourceTree = SDKROOT; };
		0351D5561C8506510002F4FC /* main.m */ = {isa = PBXFileReference; fileEncoding = 4; lastKnownFileType = sourcecode.c.objc; path = main.m; sourceTree = SOURCE_ROOT; };
		0351D5661C854F280002F4FC /* ControlsView.h */ = {isa = PBXFileReference; fileEncoding = 4; lastKnownFileType = sourcecode.c.h; path = ControlsView.h; sourceTree = "<group>"; };
		0351D5671C854F280002F4FC /* ControlsView.m */ = {isa = PBXFileReference; fileEncoding = 4; lastKnownFileType = sourcecode.c.objc; path = ControlsView.m; sourceTree = "<group>"; };
		0351D5781C8565A90002F4FC /* Base */ = {isa = PBXFileReference; lastKnownFileType = file.storyboard; name = Base; path = Base.lproj/LaunchScreen.storyboard; sourceTree = "<group>"; };
		0351D57A1C8565A90002F4FC /* Base */ = {isa = PBXFileReference; lastKnownFileType = file.storyboard; name = Base; path = "Base.lproj/Main-iPad.storyboard"; sourceTree = "<group>"; };
		0351D57C1C8565A90002F4FC /* Base */ = {isa = PBXFileReference; lastKnownFileType = file.storyboard; name = Base; path = Base.lproj/Main.storyboard; sourceTree = "<group>"; };
		038421571C83F9FA00361C3C /* Descent2.app */ = {isa = PBXFileReference; explicitFileType = wrapper.application; includeInIndex = 0; path = Descent2.app; sourceTree = BUILT_PRODUCTS_DIR; };
		038421731C83FAB700361C3C /* Assets.xcassets */ = {isa = PBXFileReference; lastKnownFileType = folder.assetcatalog; path = Assets.xcassets; sourceTree = "<group>"; };
		038421751C83FABF00361C3C /* Info.plist */ = {isa = PBXFileReference; fileEncoding = 4; lastKnownFileType = text.plist.xml; path = Info.plist; sourceTree = "<group>"; };
		038421771C83FAD300361C3C /* AppDelegate.h */ = {isa = PBXFileReference; fileEncoding = 4; lastKnownFileType = sourcecode.c.h; path = AppDelegate.h; sourceTree = "<group>"; };
		038421781C83FAD300361C3C /* AppDelegate.m */ = {isa = PBXFileReference; fileEncoding = 4; lastKnownFileType = sourcecode.c.objc; path = AppDelegate.m; sourceTree = "<group>"; };
		038421791C83FAD300361C3C /* Motion.h */ = {isa = PBXFileReference; fileEncoding = 4; lastKnownFileType = sourcecode.c.h; path = Motion.h; sourceTree = "<group>"; };
		0384217A1C83FAD300361C3C /* Motion.m */ = {isa = PBXFileReference; fileEncoding = 4; lastKnownFileType = sourcecode.c.objc; path = Motion.m; sourceTree = "<group>"; };
		0384217B1C83FAD300361C3C /* Music.h */ = {isa = PBXFileReference; fileEncoding = 4; lastKnownFileType = sourcecode.c.h; path = Music.h; sourceTree = "<group>"; };
		0384217C1C83FAD300361C3C /* Music.m */ = {isa = PBXFileReference; fileEncoding = 4; lastKnownFileType = sourcecode.c.objc; path = Music.m; sourceTree = "<group>"; };
		0384217D1C83FAD300361C3C /* RenderView.h */ = {isa = PBXFileReference; fileEncoding = 4; lastKnownFileType = sourcecode.c.h; path = RenderView.h; sourceTree = "<group>"; };
		0384217E1C83FAD300361C3C /* RenderView.m */ = {isa = PBXFileReference; fileEncoding = 4; lastKnownFileType = sourcecode.c.objc; path = RenderView.m; sourceTree = "<group>"; };
		0384217F1C83FAD300361C3C /* ViewController.h */ = {isa = PBXFileReference; fileEncoding = 4; lastKnownFileType = sourcecode.c.h; path = ViewController.h; sourceTree = "<group>"; };
		038421801C83FAD300361C3C /* ViewController.m */ = {isa = PBXFileReference; fileEncoding = 4; lastKnownFileType = sourcecode.c.objc; path = ViewController.m; sourceTree = "<group>"; };
		038421811C83FAD300361C3C /* ViewControllerC.h */ = {isa = PBXFileReference; fileEncoding = 4; lastKnownFileType = sourcecode.c.h; path = ViewControllerC.h; sourceTree = "<group>"; };
		038421821C83FAD300361C3C /* ViewControllerC.m */ = {isa = PBXFileReference; fileEncoding = 4; lastKnownFileType = sourcecode.c.objc; path = ViewControllerC.m; sourceTree = "<group>"; };
		039620E71D5651E700C0B838 /* alien1.pig */ = {isa = PBXFileReference; lastKnownFileType = file; name = alien1.pig; path = Data/alien1.pig; sourceTree = "<group>"; };
		039620E81D5651E700C0B838 /* alien2.pig */ = {isa = PBXFileReference; lastKnownFileType = file; name = alien2.pig; path = Data/alien2.pig; sourceTree = "<group>"; };
		039620E91D5651E700C0B838 /* descent2.ham */ = {isa = PBXFileReference; lastKnownFileType = file; name = descent2.ham; path = Data/descent2.ham; sourceTree = "<group>"; };
		039620EA1D5651E700C0B838 /* descent2.hog */ = {isa = PBXFileReference; lastKnownFileType = file; name = descent2.hog; path = Data/descent2.hog; sourceTree = "<group>"; };
		039620EB1D5651E700C0B838 /* descent2.s22 */ = {isa = PBXFileReference; lastKnownFileType = file; name = descent2.s22; path = Data/descent2.s22; sourceTree = "<group>"; };
		039620EC1D5651E700C0B838 /* fire.pig */ = {isa = PBXFileReference; lastKnownFileType = file; name = fire.pig; path = Data/fire.pig; sourceTree = "<group>"; };
		039620ED1D5651E700C0B838 /* groupa.pig */ = {isa = PBXFileReference; lastKnownFileType = file; name = groupa.pig; path = Data/groupa.pig; sourceTree = "<group>"; };
		039620EE1D5651E700C0B838 /* ice.pig */ = {isa = PBXFileReference; lastKnownFileType = file; name = ice.pig; path = Data/ice.pig; sourceTree = "<group>"; };
		039620EF1D5651E700C0B838 /* intro-h.mvl */ = {isa = PBXFileReference; lastKnownFileType = file; name = "intro-h.mvl"; path = "Data/intro-h.mvl"; sourceTree = "<group>"; };
		039620F01D5651E700C0B838 /* merlin_silver.sf2 */ = {isa = PBXFileReference; lastKnownFileType = file; name = merlin_silver.sf2; path = Data/merlin_silver.sf2; sourceTree = "<group>"; };
		039621011D5651E700C0B838 /* other-h.mvl */ = {isa = PBXFileReference; lastKnownFileType = file; name = "other-h.mvl"; path = "Data/other-h.mvl"; sourceTree = "<group>"; };
		039621021D5651E700C0B838 /* robots-h.mvl */ = {isa = PBXFileReference; lastKnownFileType = file; name = "robots-h.mvl"; path = "Data/robots-h.mvl"; sourceTree = "<group>"; };
		039621031D5651E700C0B838 /* water.pig */ = {isa = PBXFileReference; lastKnownFileType = file; name = water.pig; path = Data/water.pig; sourceTree = "<group>"; };
		039621581D56563800C0B838 /* music */ = {isa = PBXFileReference; lastKnownFileType = folder; name = music; path = Data/music; sourceTree = "<group>"; };
		039ADC401D56644500F9780E /* lib2d.a */ = {isa = PBXFileReference; lastKnownFileType = archive.ar; name = lib2d.a; path = "../../../../Library/Developer/Xcode/DerivedData/Descent2-Mobile-agszlckhjzmupidrroagfyzwzwed/Build/Products/Debug (OpenGL ES)-iphoneos/lib2d.a"; sourceTree = "<group>"; };
		039ADC411D56644500F9780E /* lib3d.a */ = {isa = PBXFileReference; lastKnownFileType = archive.ar; name = lib3d.a; path = "../../../../Library/Developer/Xcode/DerivedData/Descent2-Mobile-agszlckhjzmupidrroagfyzwzwed/Build/Products/Debug (OpenGL ES)-iphoneos/lib3d.a"; sourceTree = "<group>"; };
		039ADC421D56644500F9780E /* libcfile.a */ = {isa = PBXFileReference; lastKnownFileType = archive.ar; name = libcfile.a; path = "../../../../Library/Developer/Xcode/DerivedData/Descent2-Mobile-agszlckhjzmupidrroagfyzwzwed/Build/Products/Debug (OpenGL ES)-iphoneos/libcfile.a"; sourceTree = "<group>"; };
		039ADC431D56644500F9780E /* libfix.a */ = {isa = PBXFileReference; lastKnownFileType = archive.ar; name = libfix.a; path = "../../../../Library/Developer/Xcode/DerivedData/Descent2-Mobile-agszlckhjzmupidrroagfyzwzwed/Build/Products/Debug (OpenGL ES)-iphoneos/libfix.a"; sourceTree = "<group>"; };
		039ADC441D56644500F9780E /* libiff.a */ = {isa = PBXFileReference; lastKnownFileType = archive.ar; name = libiff.a; path = "../../../../Library/Developer/Xcode/DerivedData/Descent2-Mobile-agszlckhjzmupidrroagfyzwzwed/Build/Products/Debug (OpenGL ES)-iphoneos/libiff.a"; sourceTree = "<group>"; };
		039ADC451D56644500F9780E /* libio.a */ = {isa = PBXFileReference; lastKnownFileType = archive.ar; name = libio.a; path = "../../../../Library/Developer/Xcode/DerivedData/Descent2-Mobile-agszlckhjzmupidrroagfyzwzwed/Build/Products/Debug (OpenGL ES)-iphoneos/libio.a"; sourceTree = "<group>"; };
		039ADC461D56644500F9780E /* libmain.a */ = {isa = PBXFileReference; lastKnownFileType = archive.ar; name = libmain.a; path = "../../../../Library/Developer/Xcode/DerivedData/Descent2-Mobile-agszlckhjzmupidrroagfyzwzwed/Build/Products/Debug (OpenGL ES)-iphoneos/libmain.a"; sourceTree = "<group>"; };
		039ADC471D56644500F9780E /* libmem.a */ = {isa = PBXFileReference; lastKnownFileType = archive.ar; name = libmem.a; path = "../../../../Library/Developer/Xcode/DerivedData/Descent2-Mobile-agszlckhjzmupidrroagfyzwzwed/Build/Products/Debug (OpenGL ES)-iphoneos/libmem.a"; sourceTree = "<group>"; };
		039ADC481D56644500F9780E /* libmisc.a */ = {isa = PBXFileReference; lastKnownFileType = archive.ar; name = libmisc.a; path = "../../../../Library/Developer/Xcode/DerivedData/Descent2-Mobile-agszlckhjzmupidrroagfyzwzwed/Build/Products/Debug (OpenGL ES)-iphoneos/libmisc.a"; sourceTree = "<group>"; };
		039ADC491D56644500F9780E /* libmve.a */ = {isa = PBXFileReference; lastKnownFileType = archive.ar; name = libmve.a; path = "../LIBMVE/build/Debug (Software)-iphoneos/libmve.a"; sourceTree = "<group>"; };
		039ADC4A1D56644500F9780E /* libpa_null.a */ = {isa = PBXFileReference; lastKnownFileType = archive.ar; name = libpa_null.a; path = "../../../../Library/Developer/Xcode/DerivedData/Descent2-Mobile-agszlckhjzmupidrroagfyzwzwed/Build/Products/Debug (OpenGL ES)-iphoneos/libpa_null.a"; sourceTree = "<group>"; };
		039ADC4B1D56644500F9780E /* libtexmap.a */ = {isa = PBXFileReference; lastKnownFileType = archive.ar; name = libtexmap.a; path = "../../../../Library/Developer/Xcode/DerivedData/Descent2-Mobile-agszlckhjzmupidrroagfyzwzwed/Build/Products/Debug (OpenGL ES)-iphoneos/libtexmap.a"; sourceTree = "<group>"; };
		039ADC4C1D56644500F9780E /* libui.a */ = {isa = PBXFileReference; lastKnownFileType = archive.ar; name = libui.a; path = "../../../../Library/Developer/Xcode/DerivedData/Descent2-Mobile-agszlckhjzmupidrroagfyzwzwed/Build/Products/Debug (OpenGL ES)-iphoneos/libui.a"; sourceTree = "<group>"; };
		039ADC4D1D56644500F9780E /* libvecmat.a */ = {isa = PBXFileReference; lastKnownFileType = archive.ar; name = libvecmat.a; path = "../../../../Library/Developer/Xcode/DerivedData/Descent2-Mobile-agszlckhjzmupidrroagfyzwzwed/Build/Products/Debug (OpenGL ES)-iphoneos/libvecmat.a"; sourceTree = "<group>"; };
/* End PBXFileReference section */

/* Begin PBXFrameworksBuildPhase section */
		038421541C83F9FA00361C3C /* Frameworks */ = {
			isa = PBXFrameworksBuildPhase;
			buildActionMask = 2147483647;
			files = (
				039ADC4E1D56644500F9780E /* lib2d.a in Frameworks */,
				039ADC4F1D56644500F9780E /* lib3d.a in Frameworks */,
				039ADC501D56644500F9780E /* libcfile.a in Frameworks */,
				039ADC511D56644500F9780E /* libfix.a in Frameworks */,
				039ADC521D56644500F9780E /* libiff.a in Frameworks */,
				039ADC531D56644500F9780E /* libio.a in Frameworks */,
				039ADC541D56644500F9780E /* libmain.a in Frameworks */,
				039ADC551D56644500F9780E /* libmem.a in Frameworks */,
				039ADC561D56644500F9780E /* libmisc.a in Frameworks */,
				039ADC571D56644500F9780E /* libmve.a in Frameworks */,
				039ADC581D56644500F9780E /* libpa_null.a in Frameworks */,
				039ADC591D56644500F9780E /* libtexmap.a in Frameworks */,
				039ADC5A1D56644500F9780E /* libui.a in Frameworks */,
				039ADC5B1D56644500F9780E /* libvecmat.a in Frameworks */,
				0351D5521C8500FA0002F4FC /* OpenAL.framework in Frameworks */,
				0351D5501C8500F20002F4FC /* OpenGLES.framework in Frameworks */,
			);
			runOnlyForDeploymentPostprocessing = 0;
		};
/* End PBXFrameworksBuildPhase section */

/* Begin PBXGroup section */
		0351D5531C85012A0002F4FC /* References */ = {
			isa = PBXGroup;
			children = (
				0351D5511C8500FA0002F4FC /* OpenAL.framework */,
				0351D54F1C8500F20002F4FC /* OpenGLES.framework */,
			);
			name = References;
			sourceTree = "<group>";
		};
		0384214E1C83F9FA00361C3C = {
			isa = PBXGroup;
			children = (
				039ADC401D56644500F9780E /* lib2d.a */,
				039ADC411D56644500F9780E /* lib3d.a */,
				039ADC421D56644500F9780E /* libcfile.a */,
				039ADC431D56644500F9780E /* libfix.a */,
				039ADC441D56644500F9780E /* libiff.a */,
				039ADC451D56644500F9780E /* libio.a */,
				039ADC461D56644500F9780E /* libmain.a */,
				039ADC471D56644500F9780E /* libmem.a */,
				039ADC481D56644500F9780E /* libmisc.a */,
				039ADC491D56644500F9780E /* libmve.a */,
				039ADC4A1D56644500F9780E /* libpa_null.a */,
				039ADC4B1D56644500F9780E /* libtexmap.a */,
				039ADC4C1D56644500F9780E /* libui.a */,
				039ADC4D1D56644500F9780E /* libvecmat.a */,
				0351D5531C85012A0002F4FC /* References */,
				038421751C83FABF00361C3C /* Info.plist */,
				038421731C83FAB700361C3C /* Assets.xcassets */,
				0384218B1C83FB7300361C3C /* Data */,
				038421711C83FA8A00361C3C /* Sources */,
				038421721C83FA9400361C3C /* UI */,
				038421581C83F9FA00361C3C /* Products */,
			);
			sourceTree = "<group>";
		};
		038421581C83F9FA00361C3C /* Products */ = {
			isa = PBXGroup;
			children = (
				038421571C83F9FA00361C3C /* Descent2.app */,
			);
			name = Products;
			sourceTree = "<group>";
		};
		0384215A1C83F9FA00361C3C /* Supporting Files */ = {
			isa = PBXGroup;
			children = (
				0351D5561C8506510002F4FC /* main.m */,
			);
			name = "Supporting Files";
			path = "Descent 2";
			sourceTree = "<group>";
		};
		038421711C83FA8A00361C3C /* Sources */ = {
			isa = PBXGroup;
			children = (
				038421891C83FAF200361C3C /* C Interface */,
				038421771C83FAD300361C3C /* AppDelegate.h */,
				038421781C83FAD300361C3C /* AppDelegate.m */,
				0351D5661C854F280002F4FC /* ControlsView.h */,
				0351D5671C854F280002F4FC /* ControlsView.m */,
				0384217D1C83FAD300361C3C /* RenderView.h */,
				0384217E1C83FAD300361C3C /* RenderView.m */,
				0384217F1C83FAD300361C3C /* ViewController.h */,
				038421801C83FAD300361C3C /* ViewController.m */,
				0384215A1C83F9FA00361C3C /* Supporting Files */,
			);
			name = Sources;
			sourceTree = "<group>";
		};
		038421721C83FA9400361C3C /* UI */ = {
			isa = PBXGroup;
			children = (
				0351D5771C8565A90002F4FC /* LaunchScreen.storyboard */,
				0351D5791C8565A90002F4FC /* Main-iPad.storyboard */,
				0351D57B1C8565A90002F4FC /* Main.storyboard */,
			);
			name = UI;
			sourceTree = "<group>";
		};
		038421891C83FAF200361C3C /* C Interface */ = {
			isa = PBXGroup;
			children = (
				038421791C83FAD300361C3C /* Motion.h */,
				0384217A1C83FAD300361C3C /* Motion.m */,
				0384217B1C83FAD300361C3C /* Music.h */,
				0384217C1C83FAD300361C3C /* Music.m */,
				038421811C83FAD300361C3C /* ViewControllerC.h */,
				038421821C83FAD300361C3C /* ViewControllerC.m */,
			);
			name = "C Interface";
			sourceTree = "<group>";
		};
		0384218B1C83FB7300361C3C /* Data */ = {
			isa = PBXGroup;
			children = (
				039621581D56563800C0B838 /* music */,
				039620E71D5651E700C0B838 /* alien1.pig */,
				039620E81D5651E700C0B838 /* alien2.pig */,
				039620E91D5651E700C0B838 /* descent2.ham */,
				039620EA1D5651E700C0B838 /* descent2.hog */,
				039620EB1D5651E700C0B838 /* descent2.s22 */,
				039620EC1D5651E700C0B838 /* fire.pig */,
				039620ED1D5651E700C0B838 /* groupa.pig */,
				039620EE1D5651E700C0B838 /* ice.pig */,
				039620EF1D5651E700C0B838 /* intro-h.mvl */,
				039620F01D5651E700C0B838 /* merlin_silver.sf2 */,
				039621011D5651E700C0B838 /* other-h.mvl */,
				039621021D5651E700C0B838 /* robots-h.mvl */,
				039621031D5651E700C0B838 /* water.pig */,
			);
			name = Data;
			sourceTree = "<group>";
		};
/* End PBXGroup section */

/* Begin PBXNativeTarget section */
		038421561C83F9FA00361C3C /* Descent2 */ = {
			isa = PBXNativeTarget;
			buildConfigurationList = 0384216E1C83F9FA00361C3C /* Build configuration list for PBXNativeTarget "Descent2" */;
			buildPhases = (
				038421531C83F9FA00361C3C /* Sources */,
				038421541C83F9FA00361C3C /* Frameworks */,
				038421551C83F9FA00361C3C /* Resources */,
			);
			buildRules = (
			);
			dependencies = (
			);
			name = Descent2;
			productName = "Descent 2";
			productReference = 038421571C83F9FA00361C3C /* Descent2.app */;
			productType = "com.apple.product-type.application";
		};
/* End PBXNativeTarget section */

/* Begin PBXProject section */
		0384214F1C83F9FA00361C3C /* Project object */ = {
			isa = PBXProject;
			attributes = {
				LastUpgradeCheck = 0720;
				ORGANIZATIONNAME = "Devin Tuchsen";
				TargetAttributes = {
					038421561C83F9FA00361C3C = {
						CreatedOnToolsVersion = 7.2;
						DevelopmentTeam = 6WGTX4TY92;
					};
				};
			};
			buildConfigurationList = 038421521C83F9FA00361C3C /* Build configuration list for PBXProject "Descent2" */;
			compatibilityVersion = "Xcode 3.2";
			developmentRegion = English;
			hasScannedForEncodings = 0;
			knownRegions = (
				en,
				Base,
			);
			mainGroup = 0384214E1C83F9FA00361C3C;
			productRefGroup = 038421581C83F9FA00361C3C /* Products */;
			projectDirPath = "";
			projectRoot = "";
			targets = (
				038421561C83F9FA00361C3C /* Descent2 */,
			);
		};
/* End PBXProject section */

/* Begin PBXResourcesBuildPhase section */
		038421551C83F9FA00361C3C /* Resources */ = {
			isa = PBXResourcesBuildPhase;
			buildActionMask = 2147483647;
			files = (
				0396212A1D56542400C0B838 /* other-h.mvl in Resources */,
				0396212B1D56542400C0B838 /* robots-h.mvl in Resources */,
				0396212C1D56542400C0B838 /* water.pig in Resources */,
				039621201D56541900C0B838 /* alien1.pig in Resources */,
				039621211D56541900C0B838 /* alien2.pig in Resources */,
				039621221D56541900C0B838 /* descent2.ham in Resources */,
				039621231D56541900C0B838 /* descent2.hog in Resources */,
				039621241D56541900C0B838 /* descent2.s22 in Resources */,
				039621251D56541900C0B838 /* fire.pig in Resources */,
				039621261D56541900C0B838 /* groupa.pig in Resources */,
				039621271D56541900C0B838 /* ice.pig in Resources */,
				039621281D56541900C0B838 /* intro-h.mvl in Resources */,
				039621591D56563800C0B838 /* music in Resources */,
				039621291D56541900C0B838 /* merlin_silver.sf2 in Resources */,
				038421741C83FAB700361C3C /* Assets.xcassets in Resources */,
				0351D57D1C8565A90002F4FC /* LaunchScreen.storyboard in Resources */,
				0351D57E1C8565A90002F4FC /* Main-iPad.storyboard in Resources */,
				0351D57F1C8565A90002F4FC /* Main.storyboard in Resources */,
			);
			runOnlyForDeploymentPostprocessing = 0;
		};
/* End PBXResourcesBuildPhase section */

/* Begin PBXSourcesBuildPhase section */
		038421531C83F9FA00361C3C /* Sources */ = {
			isa = PBXSourcesBuildPhase;
			buildActionMask = 2147483647;
			files = (
				0351D5681C854F280002F4FC /* ControlsView.m in Sources */,
				038421871C83FAD300361C3C /* ViewController.m in Sources */,
				038421841C83FAD300361C3C /* Motion.m in Sources */,
				038421861C83FAD300361C3C /* RenderView.m in Sources */,
				038421831C83FAD300361C3C /* AppDelegate.m in Sources */,
				038421881C83FAD300361C3C /* ViewControllerC.m in Sources */,
				0351D5571C8506510002F4FC /* main.m in Sources */,
				038421851C83FAD300361C3C /* Music.m in Sources */,
			);
			runOnlyForDeploymentPostprocessing = 0;
		};
/* End PBXSourcesBuildPhase section */

/* Begin PBXVariantGroup section */
		0351D5771C8565A90002F4FC /* LaunchScreen.storyboard */ = {
			isa = PBXVariantGroup;
			children = (
				0351D5781C8565A90002F4FC /* Base */,
			);
			name = LaunchScreen.storyboard;
			sourceTree = "<group>";
		};
		0351D5791C8565A90002F4FC /* Main-iPad.storyboard */ = {
			isa = PBXVariantGroup;
			children = (
				0351D57A1C8565A90002F4FC /* Base */,
			);
			name = "Main-iPad.storyboard";
			sourceTree = "<group>";
		};
		0351D57B1C8565A90002F4FC /* Main.storyboard */ = {
			isa = PBXVariantGroup;
			children = (
				0351D57C1C8565A90002F4FC /* Base */,
			);
			name = Main.storyboard;
			sourceTree = "<group>";
		};
/* End PBXVariantGroup section */

/* Begin XCBuildConfiguration section */
		0384216C1C83F9FA00361C3C /* Debug (Software) */ = {
			isa = XCBuildConfiguration;
			buildSettings = {
				ALWAYS_SEARCH_USER_PATHS = NO;
				CLANG_CXX_LANGUAGE_STANDARD = "gnu++0x";
				CLANG_CXX_LIBRARY = "libc++";
				CLANG_ENABLE_MODULES = YES;
				CLANG_ENABLE_OBJC_ARC = YES;
				CLANG_WARN_BOOL_CONVERSION = YES;
				CLANG_WARN_CONSTANT_CONVERSION = YES;
				CLANG_WARN_DIRECT_OBJC_ISA_USAGE = YES_ERROR;
				CLANG_WARN_EMPTY_BODY = YES;
				CLANG_WARN_ENUM_CONVERSION = YES;
				CLANG_WARN_INT_CONVERSION = YES;
				CLANG_WARN_OBJC_ROOT_CLASS = YES_ERROR;
				CLANG_WARN_UNREACHABLE_CODE = YES;
				CLANG_WARN__DUPLICATE_METHOD_MATCH = YES;
				"CODE_SIGN_IDENTITY[sdk=iphoneos*]" = "iPhone Developer";
				COPY_PHASE_STRIP = NO;
				DEBUG_INFORMATION_FORMAT = dwarf;
				ENABLE_STRICT_OBJC_MSGSEND = YES;
				ENABLE_TESTABILITY = YES;
				GCC_C_LANGUAGE_STANDARD = gnu99;
				GCC_DYNAMIC_NO_PIC = NO;
				GCC_NO_COMMON_BLOCKS = YES;
				GCC_OPTIMIZATION_LEVEL = 0;
				GCC_PREPROCESSOR_DEFINITIONS = (
					"DEBUG=1",
					"$(inherited)",
				);
				GCC_WARN_64_TO_32_BIT_CONVERSION = YES;
				GCC_WARN_ABOUT_RETURN_TYPE = YES_ERROR;
				GCC_WARN_UNDECLARED_SELECTOR = YES;
				GCC_WARN_UNINITIALIZED_AUTOS = YES_AGGRESSIVE;
				GCC_WARN_UNUSED_FUNCTION = YES;
				GCC_WARN_UNUSED_VARIABLE = YES;
				IPHONEOS_DEPLOYMENT_TARGET = 9.2;
				MTL_ENABLE_DEBUG_INFO = YES;
				ONLY_ACTIVE_ARCH = YES;
				SDKROOT = iphoneos;
				TARGETED_DEVICE_FAMILY = "1,2";
			};
			name = "Debug (Software)";
		};
		0384216D1C83F9FA00361C3C /* Release (Software) */ = {
			isa = XCBuildConfiguration;
			buildSettings = {
				ALWAYS_SEARCH_USER_PATHS = NO;
				CLANG_CXX_LANGUAGE_STANDARD = "gnu++0x";
				CLANG_CXX_LIBRARY = "libc++";
				CLANG_ENABLE_MODULES = YES;
				CLANG_ENABLE_OBJC_ARC = YES;
				CLANG_WARN_BOOL_CONVERSION = YES;
				CLANG_WARN_CONSTANT_CONVERSION = YES;
				CLANG_WARN_DIRECT_OBJC_ISA_USAGE = YES_ERROR;
				CLANG_WARN_EMPTY_BODY = YES;
				CLANG_WARN_ENUM_CONVERSION = YES;
				CLANG_WARN_INT_CONVERSION = YES;
				CLANG_WARN_OBJC_ROOT_CLASS = YES_ERROR;
				CLANG_WARN_UNREACHABLE_CODE = YES;
				CLANG_WARN__DUPLICATE_METHOD_MATCH = YES;
				"CODE_SIGN_IDENTITY[sdk=iphoneos*]" = "iPhone Developer";
				COPY_PHASE_STRIP = NO;
				DEBUG_INFORMATION_FORMAT = "dwarf-with-dsym";
				ENABLE_NS_ASSERTIONS = NO;
				ENABLE_STRICT_OBJC_MSGSEND = YES;
				GCC_C_LANGUAGE_STANDARD = gnu99;
				GCC_NO_COMMON_BLOCKS = YES;
				GCC_WARN_64_TO_32_BIT_CONVERSION = YES;
				GCC_WARN_ABOUT_RETURN_TYPE = YES_ERROR;
				GCC_WARN_UNDECLARED_SELECTOR = YES;
				GCC_WARN_UNINITIALIZED_AUTOS = YES_AGGRESSIVE;
				GCC_WARN_UNUSED_FUNCTION = YES;
				GCC_WARN_UNUSED_VARIABLE = YES;
				IPHONEOS_DEPLOYMENT_TARGET = 9.2;
				MTL_ENABLE_DEBUG_INFO = NO;
				SDKROOT = iphoneos;
				TARGETED_DEVICE_FAMILY = "1,2";
				VALIDATE_PRODUCT = YES;
			};
			name = "Release (Software)";
		};
		0384216F1C83F9FA00361C3C /* Debug (Software) */ = {
			isa = XCBuildConfiguration;
			buildSettings = {
				ASSETCATALOG_COMPILER_APPICON_NAME = AppIcon;
				CODE_SIGN_IDENTITY = "iPhone Developer";
				"CODE_SIGN_IDENTITY[sdk=iphoneos*]" = "iPhone Developer";
				GCC_PREPROCESSOR_DEFINITIONS = "$(inherited)";
				INFOPLIST_FILE = "$(SRCROOT)/Info.plist";
				IPHONEOS_DEPLOYMENT_TARGET = 9.2;
				LD_RUNPATH_SEARCH_PATHS = "$(inherited) @executable_path/Frameworks";
				PRODUCT_BUNDLE_IDENTIFIER = "tuchsen.Descent-2";
				PRODUCT_NAME = "$(TARGET_NAME)";
				PROVISIONING_PROFILE = "";
				USER_HEADER_SEARCH_PATHS = "../misc ../io ../fix ../main ../vecmat ../pa_null ../2d ../cfile";
			};
			name = "Debug (Software)";
		};
		038421701C83F9FA00361C3C /* Release (Software) */ = {
			isa = XCBuildConfiguration;
			buildSettings = {
				ASSETCATALOG_COMPILER_APPICON_NAME = AppIcon;
				CODE_SIGN_IDENTITY = "iPhone Developer";
				"CODE_SIGN_IDENTITY[sdk=iphoneos*]" = "iPhone Developer";
				GCC_PREPROCESSOR_DEFINITIONS = (
					NDEBUG,
					RELEASE,
				);
				INFOPLIST_FILE = "$(SRCROOT)/Info.plist";
				IPHONEOS_DEPLOYMENT_TARGET = 9.2;
				LD_RUNPATH_SEARCH_PATHS = "$(inherited) @executable_path/Frameworks";
				PRODUCT_BUNDLE_IDENTIFIER = "tuchsen.Descent-2";
				PRODUCT_NAME = "$(TARGET_NAME)";
				PROVISIONING_PROFILE = "";
				USER_HEADER_SEARCH_PATHS = "../misc ../io ../fix ../main ../vecmat ../pa_null ../2d ../cfile";
			};
			name = "Release (Software)";
		};
		03F1DCED1C9F4EA3008AA444 /* Debug (OpenGL ES) */ = {
			isa = XCBuildConfiguration;
			buildSettings = {
				ALWAYS_SEARCH_USER_PATHS = NO;
				CLANG_CXX_LANGUAGE_STANDARD = "gnu++0x";
				CLANG_CXX_LIBRARY = "libc++";
				CLANG_ENABLE_MODULES = YES;
				CLANG_ENABLE_OBJC_ARC = YES;
				CLANG_WARN_BOOL_CONVERSION = YES;
				CLANG_WARN_CONSTANT_CONVERSION = YES;
				CLANG_WARN_DIRECT_OBJC_ISA_USAGE = YES_ERROR;
				CLANG_WARN_EMPTY_BODY = YES;
				CLANG_WARN_ENUM_CONVERSION = YES;
				CLANG_WARN_INT_CONVERSION = YES;
				CLANG_WARN_OBJC_ROOT_CLASS = YES_ERROR;
				CLANG_WARN_UNREACHABLE_CODE = YES;
				CLANG_WARN__DUPLICATE_METHOD_MATCH = YES;
				"CODE_SIGN_IDENTITY[sdk=iphoneos*]" = "iPhone Developer";
				COPY_PHASE_STRIP = NO;
				DEBUG_INFORMATION_FORMAT = dwarf;
				ENABLE_STRICT_OBJC_MSGSEND = YES;
				ENABLE_TESTABILITY = YES;
				GCC_C_LANGUAGE_STANDARD = gnu99;
				GCC_DYNAMIC_NO_PIC = NO;
				GCC_NO_COMMON_BLOCKS = YES;
				GCC_OPTIMIZATION_LEVEL = 0;
				GCC_PREPROCESSOR_DEFINITIONS = (
					"DEBUG=1",
					"$(inherited)",
				);
				GCC_WARN_64_TO_32_BIT_CONVERSION = YES;
				GCC_WARN_ABOUT_RETURN_TYPE = YES_ERROR;
				GCC_WARN_UNDECLARED_SELECTOR = YES;
				GCC_WARN_UNINITIALIZED_AUTOS = YES_AGGRESSIVE;
				GCC_WARN_UNUSED_FUNCTION = YES;
				GCC_WARN_UNUSED_VARIABLE = YES;
				IPHONEOS_DEPLOYMENT_TARGET = 9.2;
				MTL_ENABLE_DEBUG_INFO = YES;
				ONLY_ACTIVE_ARCH = YES;
				SDKROOT = iphoneos;
				TARGETED_DEVICE_FAMILY = "1,2";
			};
			name = "Debug (OpenGL ES)";
		};
		03F1DCEE1C9F4EA3008AA444 /* Debug (OpenGL ES) */ = {
			isa = XCBuildConfiguration;
			buildSettings = {
				ASSETCATALOG_COMPILER_APPICON_NAME = AppIcon;
				CODE_SIGN_IDENTITY = "iPhone Developer";
				"CODE_SIGN_IDENTITY[sdk=iphoneos*]" = "iPhone Developer";
				GCC_PREPROCESSOR_DEFINITIONS = (
					"$(inherited)",
					OGLES,
				);
				INFOPLIST_FILE = "$(SRCROOT)/Info.plist";
				IPHONEOS_DEPLOYMENT_TARGET = 9.2;
				LD_RUNPATH_SEARCH_PATHS = "$(inherited) @executable_path/Frameworks";
				PRODUCT_BUNDLE_IDENTIFIER = "tuchsen.Descent-2";
				PRODUCT_NAME = "$(TARGET_NAME)";
				PROVISIONING_PROFILE = "";
				USER_HEADER_SEARCH_PATHS = "../misc ../io ../fix ../main ../vecmat ../pa_null ../2d ../cfile";
			};
			name = "Debug (OpenGL ES)";
		};
		03F1DCEF1C9F4EAB008AA444 /* Release (OpenGL ES) */ = {
			isa = XCBuildConfiguration;
			buildSettings = {
				ALWAYS_SEARCH_USER_PATHS = NO;
				CLANG_CXX_LANGUAGE_STANDARD = "gnu++0x";
				CLANG_CXX_LIBRARY = "libc++";
				CLANG_ENABLE_MODULES = YES;
				CLANG_ENABLE_OBJC_ARC = YES;
				CLANG_WARN_BOOL_CONVERSION = YES;
				CLANG_WARN_CONSTANT_CONVERSION = YES;
				CLANG_WARN_DIRECT_OBJC_ISA_USAGE = YES_ERROR;
				CLANG_WARN_EMPTY_BODY = YES;
				CLANG_WARN_ENUM_CONVERSION = YES;
				CLANG_WARN_INT_CONVERSION = YES;
				CLANG_WARN_OBJC_ROOT_CLASS = YES_ERROR;
				CLANG_WARN_UNREACHABLE_CODE = YES;
				CLANG_WARN__DUPLICATE_METHOD_MATCH = YES;
				"CODE_SIGN_IDENTITY[sdk=iphoneos*]" = "iPhone Developer";
				COPY_PHASE_STRIP = NO;
				DEBUG_INFORMATION_FORMAT = "dwarf-with-dsym";
				ENABLE_NS_ASSERTIONS = NO;
				ENABLE_STRICT_OBJC_MSGSEND = YES;
				GCC_C_LANGUAGE_STANDARD = gnu99;
				GCC_NO_COMMON_BLOCKS = YES;
				GCC_WARN_64_TO_32_BIT_CONVERSION = YES;
				GCC_WARN_ABOUT_RETURN_TYPE = YES_ERROR;
				GCC_WARN_UNDECLARED_SELECTOR = YES;
				GCC_WARN_UNINITIALIZED_AUTOS = YES_AGGRESSIVE;
				GCC_WARN_UNUSED_FUNCTION = YES;
				GCC_WARN_UNUSED_VARIABLE = YES;
				IPHONEOS_DEPLOYMENT_TARGET = 9.2;
				MTL_ENABLE_DEBUG_INFO = NO;
				SDKROOT = iphoneos;
				TARGETED_DEVICE_FAMILY = "1,2";
				VALIDATE_PRODUCT = YES;
			};
			name = "Release (OpenGL ES)";
		};
		03F1DCF01C9F4EAB008AA444 /* Release (OpenGL ES) */ = {
			isa = XCBuildConfiguration;
			buildSettings = {
				ASSETCATALOG_COMPILER_APPICON_NAME = AppIcon;
				CODE_SIGN_IDENTITY = "iPhone Developer";
				"CODE_SIGN_IDENTITY[sdk=iphoneos*]" = "iPhone Developer";
				GCC_PREPROCESSOR_DEFINITIONS = (
					NDEBUG,
					OGLES,
					RELEASE,
				);
				INFOPLIST_FILE = "$(SRCROOT)/Info.plist";
				IPHONEOS_DEPLOYMENT_TARGET = 9.2;
				LD_RUNPATH_SEARCH_PATHS = "$(inherited) @executable_path/Frameworks";
				PRODUCT_BUNDLE_IDENTIFIER = "tuchsen.Descent-2";
				PRODUCT_NAME = "$(TARGET_NAME)";
				PROVISIONING_PROFILE = "";
				USER_HEADER_SEARCH_PATHS = "../misc ../io ../fix ../main ../vecmat ../pa_null ../2d ../cfile";
			};
			name = "Release (OpenGL ES)";
		};
/* End XCBuildConfiguration section */

/* Begin XCConfigurationList section */
		038421521C83F9FA00361C3C /* Build configuration list for PBXProject "Descent2" */ = {
			isa = XCConfigurationList;
			buildConfigurations = (
				0384216C1C83F9FA00361C3C /* Debug (Software) */,
				03F1DCED1C9F4EA3008AA444 /* Debug (OpenGL ES) */,
				0384216D1C83F9FA00361C3C /* Release (Software) */,
				03F1DCEF1C9F4EAB008AA444 /* Release (OpenGL ES) */,
			);
			defaultConfigurationIsVisible = 0;
			defaultConfigurationName = "Release (Software)";
		};
		0384216E1C83F9FA00361C3C /* Build configuration list for PBXNativeTarget "Descent2" */ = {
			isa = XCConfigurationList;
			buildConfigurations = (
				0384216F1C83F9FA00361C3C /* Debug (Software) */,
				03F1DCEE1C9F4EA3008AA444 /* Debug (OpenGL ES) */,
				038421701C83F9FA00361C3C /* Release (Software) */,
				03F1DCF01C9F4EAB008AA444 /* Release (OpenGL ES) */,
			);
			defaultConfigurationIsVisible = 0;
			defaultConfigurationName = "Release (Software)";
		};
/* End XCConfigurationList section */
	};
	rootObject = 0384214F1C83F9FA00361C3C /* Project object */;
}
