// !$*UTF8*$!
{
	archiveVersion = 1;
	classes = {
	};
	objectVersion = 46;
	objects = {

/* Begin PBXBuildFile section */
		039620551D564D7B00C0B838 /* mem.c in Sources */ = {isa = PBXBuildFile; fileRef = 039620531D564D7B00C0B838 /* mem.c */; };
/* End PBXBuildFile section */

/* Begin PBXCopyFilesBuildPhase section */
		0351D49A1C84FB800002F4FC /* CopyFiles */ = {
			isa = PBXCopyFilesBuildPhase;
			buildActionMask = 2147483647;
			dstPath = "include/$(PRODUCT_NAME)";
			dstSubfolderSpec = 16;
			files = (
			);
			runOnlyForDeploymentPostprocessing = 0;
		};
/* End PBXCopyFilesBuildPhase section */

/* Begin PBXFileReference section */
		0351D49C1C84FB800002F4FC /* libmem.a */ = {isa = PBXFileReference; explicitFileType = archive.ar; includeInIndex = 0; path = libmem.a; sourceTree = BUILT_PRODUCTS_DIR; };
		039620531D564D7B00C0B838 /* mem.c */ = {isa = PBXFileReference; fileEncoding = 4; lastKnownFileType = sourcecode.c.c; name = mem.c; path = ../mem/mem.c; sourceTree = "<group>"; };
		039620541D564D7B00C0B838 /* mem.h */ = {isa = PBXFileReference; fileEncoding = 4; lastKnownFileType = sourcecode.c.h; name = mem.h; path = ../mem/mem.h; sourceTree = "<group>"; };
/* End PBXFileReference section */

/* Begin PBXFrameworksBuildPhase section */
		0351D4991C84FB800002F4FC /* Frameworks */ = {
			isa = PBXFrameworksBuildPhase;
			buildActionMask = 2147483647;
			files = (
			);
			runOnlyForDeploymentPostprocessing = 0;
		};
/* End PBXFrameworksBuildPhase section */

/* Begin PBXGroup section */
		0351D4931C84FB800002F4FC = {
			isa = PBXGroup;
			children = (
				039620561D564D7E00C0B838 /* mem */,
				0351D49D1C84FB800002F4FC /* Products */,
			);
			sourceTree = "<group>";
		};
		0351D49D1C84FB800002F4FC /* Products */ = {
			isa = PBXGroup;
			children = (
				0351D49C1C84FB800002F4FC /* libmem.a */,
			);
			name = Products;
			sourceTree = "<group>";
		};
		039620561D564D7E00C0B838 /* mem */ = {
			isa = PBXGroup;
			children = (
				039620531D564D7B00C0B838 /* mem.c */,
				039620541D564D7B00C0B838 /* mem.h */,
			);
			name = mem;
			sourceTree = "<group>";
		};
/* End PBXGroup section */

/* Begin PBXNativeTarget section */
		0351D49B1C84FB800002F4FC /* mem */ = {
			isa = PBXNativeTarget;
			buildConfigurationList = 0351D4A51C84FB800002F4FC /* Build configuration list for PBXNativeTarget "mem" */;
			buildPhases = (
				0351D4981C84FB800002F4FC /* Sources */,
				0351D4991C84FB800002F4FC /* Frameworks */,
				0351D49A1C84FB800002F4FC /* CopyFiles */,
			);
			buildRules = (
			);
			dependencies = (
			);
			name = mem;
			productName = MEM;
			productReference = 0351D49C1C84FB800002F4FC /* libmem.a */;
			productType = "com.apple.product-type.library.static";
		};
/* End PBXNativeTarget section */

/* Begin PBXProject section */
		0351D4941C84FB800002F4FC /* Project object */ = {
			isa = PBXProject;
			attributes = {
				LastUpgradeCheck = 0720;
				ORGANIZATIONNAME = "Devin Tuchsen";
				TargetAttributes = {
					0351D49B1C84FB800002F4FC = {
						CreatedOnToolsVersion = 7.2;
						DevelopmentTeam = 6WGTX4TY92;
					};
				};
			};
			buildConfigurationList = 0351D4971C84FB800002F4FC /* Build configuration list for PBXProject "mem" */;
			compatibilityVersion = "Xcode 3.2";
			developmentRegion = English;
			hasScannedForEncodings = 0;
			knownRegions = (
				en,
			);
			mainGroup = 0351D4931C84FB800002F4FC;
			productRefGroup = 0351D49D1C84FB800002F4FC /* Products */;
			projectDirPath = "";
			projectRoot = "";
			targets = (
				0351D49B1C84FB800002F4FC /* mem */,
			);
		};
/* End PBXProject section */

/* Begin PBXSourcesBuildPhase section */
		0351D4981C84FB800002F4FC /* Sources */ = {
			isa = PBXSourcesBuildPhase;
			buildActionMask = 2147483647;
			files = (
				039620551D564D7B00C0B838 /* mem.c in Sources */,
			);
			runOnlyForDeploymentPostprocessing = 0;
		};
/* End PBXSourcesBuildPhase section */

/* Begin XCBuildConfiguration section */
		0351D4A31C84FB800002F4FC /* Debug (Software) */ = {
			isa = XCBuildConfiguration;
			buildSettings = {
				ALWAYS_SEARCH_USER_PATHS = NO;
				CLANG_CXX_LANGUAGE_STANDARD = "gnu++0x";
				CLANG_CXX_LIBRARY = "libc++";
				CLANG_ENABLE_MODULES = YES;
				CLANG_ENABLE_OBJC_ARC = YES;
				CLANG_WARN_BOOL_CONVERSION = YES;
				CLANG_WARN_CONSTANT_CONVERSION = YES;
				CLANG_WARN_DIRECT_OBJC_ISA_USAGE = YES_ERROR;
				CLANG_WARN_EMPTY_BODY = YES;
				CLANG_WARN_ENUM_CONVERSION = YES;
				CLANG_WARN_INT_CONVERSION = YES;
				CLANG_WARN_OBJC_ROOT_CLASS = YES_ERROR;
				CLANG_WARN_UNREACHABLE_CODE = YES;
				CLANG_WARN__DUPLICATE_METHOD_MATCH = YES;
				"CODE_SIGN_IDENTITY[sdk=iphoneos*]" = "iPhone Developer";
				COPY_PHASE_STRIP = NO;
				DEBUG_INFORMATION_FORMAT = dwarf;
				ENABLE_STRICT_OBJC_MSGSEND = YES;
				ENABLE_TESTABILITY = YES;
				GCC_C_LANGUAGE_STANDARD = gnu99;
				GCC_DYNAMIC_NO_PIC = NO;
				GCC_NO_COMMON_BLOCKS = YES;
				GCC_OPTIMIZATION_LEVEL = 0;
				GCC_PREPROCESSOR_DEFINITIONS = (
					"DEBUG=1",
					"$(inherited)",
				);
				GCC_WARN_64_TO_32_BIT_CONVERSION = YES;
				GCC_WARN_ABOUT_RETURN_TYPE = YES_ERROR;
				GCC_WARN_UNDECLARED_SELECTOR = YES;
				GCC_WARN_UNINITIALIZED_AUTOS = YES_AGGRESSIVE;
				GCC_WARN_UNUSED_FUNCTION = YES;
				GCC_WARN_UNUSED_VARIABLE = YES;
				IPHONEOS_DEPLOYMENT_TARGET = 9.2;
				MTL_ENABLE_DEBUG_INFO = YES;
				ONLY_ACTIVE_ARCH = YES;
				SDKROOT = iphoneos;
			};
			name = "Debug (Software)";
		};
		0351D4A41C84FB800002F4FC /* Release (Software) */ = {
			isa = XCBuildConfiguration;
			buildSettings = {
				ALWAYS_SEARCH_USER_PATHS = NO;
				CLANG_CXX_LANGUAGE_STANDARD = "gnu++0x";
				CLANG_CXX_LIBRARY = "libc++";
				CLANG_ENABLE_MODULES = YES;
				CLANG_ENABLE_OBJC_ARC = YES;
				CLANG_WARN_BOOL_CONVERSION = YES;
				CLANG_WARN_CONSTANT_CONVERSION = YES;
				CLANG_WARN_DIRECT_OBJC_ISA_USAGE = YES_ERROR;
				CLANG_WARN_EMPTY_BODY = YES;
				CLANG_WARN_ENUM_CONVERSION = YES;
				CLANG_WARN_INT_CONVERSION = YES;
				CLANG_WARN_OBJC_ROOT_CLASS = YES_ERROR;
				CLANG_WARN_UNREACHABLE_CODE = YES;
				CLANG_WARN__DUPLICATE_METHOD_MATCH = YES;
				"CODE_SIGN_IDENTITY[sdk=iphoneos*]" = "iPhone Developer";
				COPY_PHASE_STRIP = NO;
				DEBUG_INFORMATION_FORMAT = "dwarf-with-dsym";
				ENABLE_NS_ASSERTIONS = NO;
				ENABLE_STRICT_OBJC_MSGSEND = YES;
				GCC_C_LANGUAGE_STANDARD = gnu99;
				GCC_NO_COMMON_BLOCKS = YES;
				GCC_PREPROCESSOR_DEFINITIONS = (
					NDEBUG,
					RELEASE,
				);
				GCC_WARN_64_TO_32_BIT_CONVERSION = YES;
				GCC_WARN_ABOUT_RETURN_TYPE = YES_ERROR;
				GCC_WARN_UNDECLARED_SELECTOR = YES;
				GCC_WARN_UNINITIALIZED_AUTOS = YES_AGGRESSIVE;
				GCC_WARN_UNUSED_FUNCTION = YES;
				GCC_WARN_UNUSED_VARIABLE = YES;
				IPHONEOS_DEPLOYMENT_TARGET = 9.2;
				MTL_ENABLE_DEBUG_INFO = NO;
				SDKROOT = iphoneos;
				VALIDATE_PRODUCT = YES;
			};
			name = "Release (Software)";
		};
		0351D4A61C84FB800002F4FC /* Debug (Software) */ = {
			isa = XCBuildConfiguration;
			buildSettings = {
				OTHER_LDFLAGS = "-ObjC";
				PRODUCT_NAME = mem;
				SKIP_INSTALL = YES;
				USER_HEADER_SEARCH_PATHS = "../pa_null ../io";
			};
			name = "Debug (Software)";
		};
		0351D4A71C84FB800002F4FC /* Release (Software) */ = {
			isa = XCBuildConfiguration;
			buildSettings = {
				OTHER_LDFLAGS = "-ObjC";
				PRODUCT_NAME = mem;
				SKIP_INSTALL = YES;
				USER_HEADER_SEARCH_PATHS = "../pa_null ../io";
			};
			name = "Release (Software)";
		};
		03F1DD281C9F575A008AA444 /* Debug (OpenGL ES) */ = {
			isa = XCBuildConfiguration;
			buildSettings = {
				ALWAYS_SEARCH_USER_PATHS = NO;
				CLANG_CXX_LANGUAGE_STANDARD = "gnu++0x";
				CLANG_CXX_LIBRARY = "libc++";
				CLANG_ENABLE_MODULES = YES;
				CLANG_ENABLE_OBJC_ARC = YES;
				CLANG_WARN_BOOL_CONVERSION = YES;
				CLANG_WARN_CONSTANT_CONVERSION = YES;
				CLANG_WARN_DIRECT_OBJC_ISA_USAGE = YES_ERROR;
				CLANG_WARN_EMPTY_BODY = YES;
				CLANG_WARN_ENUM_CONVERSION = YES;
				CLANG_WARN_INT_CONVERSION = YES;
				CLANG_WARN_OBJC_ROOT_CLASS = YES_ERROR;
				CLANG_WARN_UNREACHABLE_CODE = YES;
				CLANG_WARN__DUPLICATE_METHOD_MATCH = YES;
				"CODE_SIGN_IDENTITY[sdk=iphoneos*]" = "iPhone Developer";
				COPY_PHASE_STRIP = NO;
				DEBUG_INFORMATION_FORMAT = dwarf;
				ENABLE_STRICT_OBJC_MSGSEND = YES;
				ENABLE_TESTABILITY = YES;
				GCC_C_LANGUAGE_STANDARD = gnu99;
				GCC_DYNAMIC_NO_PIC = NO;
				GCC_NO_COMMON_BLOCKS = YES;
				GCC_OPTIMIZATION_LEVEL = 0;
				GCC_PREPROCESSOR_DEFINITIONS = (
					"DEBUG=1",
					"$(inherited)",
					OGLES,
				);
				GCC_WARN_64_TO_32_BIT_CONVERSION = YES;
				GCC_WARN_ABOUT_RETURN_TYPE = YES_ERROR;
				GCC_WARN_UNDECLARED_SELECTOR = YES;
				GCC_WARN_UNINITIALIZED_AUTOS = YES_AGGRESSIVE;
				GCC_WARN_UNUSED_FUNCTION = YES;
				GCC_WARN_UNUSED_VARIABLE = YES;
				IPHONEOS_DEPLOYMENT_TARGET = 9.2;
				MTL_ENABLE_DEBUG_INFO = YES;
				ONLY_ACTIVE_ARCH = YES;
				SDKROOT = iphoneos;
			};
			name = "Debug (OpenGL ES)";
		};
		03F1DD291C9F575A008AA444 /* Debug (OpenGL ES) */ = {
			isa = XCBuildConfiguration;
			buildSettings = {
				OTHER_LDFLAGS = "-ObjC";
				PRODUCT_NAME = mem;
				SKIP_INSTALL = YES;
				USER_HEADER_SEARCH_PATHS = "../pa_null ../io";
			};
			name = "Debug (OpenGL ES)";
		};
		03F1DD2A1C9F5760008AA444 /* Release (OpenGL ES) */ = {
			isa = XCBuildConfiguration;
			buildSettings = {
				ALWAYS_SEARCH_USER_PATHS = NO;
				CLANG_CXX_LANGUAGE_STANDARD = "gnu++0x";
				CLANG_CXX_LIBRARY = "libc++";
				CLANG_ENABLE_MODULES = YES;
				CLANG_ENABLE_OBJC_ARC = YES;
				CLANG_WARN_BOOL_CONVERSION = YES;
				CLANG_WARN_CONSTANT_CONVERSION = YES;
				CLANG_WARN_DIRECT_OBJC_ISA_USAGE = YES_ERROR;
				CLANG_WARN_EMPTY_BODY = YES;
				CLANG_WARN_ENUM_CONVERSION = YES;
				CLANG_WARN_INT_CONVERSION = YES;
				CLANG_WARN_OBJC_ROOT_CLASS = YES_ERROR;
				CLANG_WARN_UNREACHABLE_CODE = YES;
				CLANG_WARN__DUPLICATE_METHOD_MATCH = YES;
				"CODE_SIGN_IDENTITY[sdk=iphoneos*]" = "iPhone Developer";
				COPY_PHASE_STRIP = NO;
				DEBUG_INFORMATION_FORMAT = "dwarf-with-dsym";
				ENABLE_NS_ASSERTIONS = NO;
				ENABLE_STRICT_OBJC_MSGSEND = YES;
				GCC_C_LANGUAGE_STANDARD = gnu99;
				GCC_NO_COMMON_BLOCKS = YES;
				GCC_PREPROCESSOR_DEFINITIONS = (
					NDEBUG,
					OGLES,
					RELEASE,
				);
				GCC_WARN_64_TO_32_BIT_CONVERSION = YES;
				GCC_WARN_ABOUT_RETURN_TYPE = YES_ERROR;
				GCC_WARN_UNDECLARED_SELECTOR = YES;
				GCC_WARN_UNINITIALIZED_AUTOS = YES_AGGRESSIVE;
				GCC_WARN_UNUSED_FUNCTION = YES;
				GCC_WARN_UNUSED_VARIABLE = YES;
				IPHONEOS_DEPLOYMENT_TARGET = 9.2;
				MTL_ENABLE_DEBUG_INFO = NO;
				SDKROOT = iphoneos;
				VALIDATE_PRODUCT = YES;
			};
			name = "Release (OpenGL ES)";
		};
		03F1DD2B1C9F5760008AA444 /* Release (OpenGL ES) */ = {
			isa = XCBuildConfiguration;
			buildSettings = {
				OTHER_LDFLAGS = "-ObjC";
				PRODUCT_NAME = mem;
				SKIP_INSTALL = YES;
				USER_HEADER_SEARCH_PATHS = "../pa_null ../io";
			};
			name = "Release (OpenGL ES)";
		};
/* End XCBuildConfiguration section */

/* Begin XCConfigurationList section */
		0351D4971C84FB800002F4FC /* Build configuration list for PBXProject "mem" */ = {
			isa = XCConfigurationList;
			buildConfigurations = (
				0351D4A31C84FB800002F4FC /* Debug (Software) */,
				03F1DD281C9F575A008AA444 /* Debug (OpenGL ES) */,
				0351D4A41C84FB800002F4FC /* Release (Software) */,
				03F1DD2A1C9F5760008AA444 /* Release (OpenGL ES) */,
			);
			defaultConfigurationIsVisible = 0;
			defaultConfigurationName = "Release (Software)";
		};
		0351D4A51C84FB800002F4FC /* Build configuration list for PBXNativeTarget "mem" */ = {
			isa = XCConfigurationList;
			buildConfigurations = (
				0351D4A61C84FB800002F4FC /* Debug (Software) */,
				03F1DD291C9F575A008AA444 /* Debug (OpenGL ES) */,
				0351D4A71C84FB800002F4FC /* Release (Software) */,
				03F1DD2B1C9F5760008AA444 /* Release (OpenGL ES) */,
			);
			defaultConfigurationIsVisible = 0;
			defaultConfigurationName = "Release (Software)";
		};
/* End XCConfigurationList section */
	};
	rootObject = 0351D4941C84FB800002F4FC /* Project object */;
}
