// !$*UTF8*$!
{
	archiveVersion = 1;
	classes = {
	};
	objectVersion = 46;
	objects = {

/* Begin PBXBuildFile section */
		039620661D564DAE00C0B838 /* args.c in Sources */ = {isa = PBXBuildFile; fileRef = 039620571D564DAE00C0B838 /* args.c */; };
		039620671D564DAE00C0B838 /* byteswap.c in Sources */ = {isa = PBXBuildFile; fileRef = 039620591D564DAE00C0B838 /* byteswap.c */; };
		039620681D564DAE00C0B838 /* error.c in Sources */ = {isa = PBXBuildFile; fileRef = 0396205C1D564DAE00C0B838 /* error.c */; };
		039620691D564DAE00C0B838 /* hash.c in Sources */ = {isa = PBXBuildFile; fileRef = 0396205E1D564DAE00C0B838 /* hash.c */; };
		0396206A1D564DAE00C0B838 /* parsarg.c in Sources */ = {isa = PBXBuildFile; fileRef = 039620601D564DAE00C0B838 /* parsarg.c */; };
		0396206B1D564DAE00C0B838 /* stdlib.c in Sources */ = {isa = PBXBuildFile; fileRef = 039620621D564DAE00C0B838 /* stdlib.c */; };
		0396206C1D564DAE00C0B838 /* strutil.c in Sources */ = {isa = PBXBuildFile; fileRef = 039620631D564DAE00C0B838 /* strutil.c */; };
/* End PBXBuildFile section */

/* Begin PBXCopyFilesBuildPhase section */
		0351D4B21C84FC460002F4FC /* CopyFiles */ = {
			isa = PBXCopyFilesBuildPhase;
			buildActionMask = 2147483647;
			dstPath = "include/$(PRODUCT_NAME)";
			dstSubfolderSpec = 16;
			files = (
			);
			runOnlyForDeploymentPostprocessing = 0;
		};
/* End PBXCopyFilesBuildPhase section */

/* Begin PBXFileReference section */
		0351D4B41C84FC460002F4FC /* libmisc.a */ = {isa = PBXFileReference; explicitFileType = archive.ar; includeInIndex = 0; path = libmisc.a; sourceTree = BUILT_PRODUCTS_DIR; };
		039620571D564DAE00C0B838 /* args.c */ = {isa = PBXFileReference; fileEncoding = 4; lastKnownFileType = sourcecode.c.c; name = args.c; path = ../misc/args.c; sourceTree = "<group>"; };
		039620581D564DAE00C0B838 /* args.h */ = {isa = PBXFileReference; fileEncoding = 4; lastKnownFileType = sourcecode.c.h; name = args.h; path = ../misc/args.h; sourceTree = "<group>"; };
		039620591D564DAE00C0B838 /* byteswap.c */ = {isa = PBXFileReference; fileEncoding = 4; lastKnownFileType = sourcecode.c.c; name = byteswap.c; path = ../misc/byteswap.c; sourceTree = "<group>"; };
		0396205A1D564DAE00C0B838 /* byteswap.h */ = {isa = PBXFileReference; fileEncoding = 4; lastKnownFileType = sourcecode.c.h; name = byteswap.h; path = ../misc/byteswap.h; sourceTree = "<group>"; };
		0396205B1D564DAE00C0B838 /* debug.h */ = {isa = PBXFileReference; fileEncoding = 4; lastKnownFileType = sourcecode.c.h; name = debug.h; path = ../misc/debug.h; sourceTree = "<group>"; };
		0396205C1D564DAE00C0B838 /* error.c */ = {isa = PBXFileReference; fileEncoding = 4; lastKnownFileType = sourcecode.c.c; name = error.c; path = ../misc/error.c; sourceTree = "<group>"; };
		0396205D1D564DAE00C0B838 /* fileutil.h */ = {isa = PBXFileReference; fileEncoding = 4; lastKnownFileType = sourcecode.c.h; name = fileutil.h; path = ../misc/fileutil.h; sourceTree = "<group>"; };
		0396205E1D564DAE00C0B838 /* hash.c */ = {isa = PBXFileReference; fileEncoding = 4; lastKnownFileType = sourcecode.c.c; name = hash.c; path = ../misc/hash.c; sourceTree = "<group>"; };
		0396205F1D564DAE00C0B838 /* hash.h */ = {isa = PBXFileReference; fileEncoding = 4; lastKnownFileType = sourcecode.c.h; name = hash.h; path = ../misc/hash.h; sourceTree = "<group>"; };
		039620601D564DAE00C0B838 /* parsarg.c */ = {isa = PBXFileReference; fileEncoding = 4; lastKnownFileType = sourcecode.c.c; name = parsarg.c; path = ../misc/parsarg.c; sourceTree = "<group>"; };
		039620611D564DAE00C0B838 /* parsarg.h */ = {isa = PBXFileReference; fileEncoding = 4; lastKnownFileType = sourcecode.c.h; name = parsarg.h; path = ../misc/parsarg.h; sourceTree = "<group>"; };
		039620621D564DAE00C0B838 /* stdlib.c */ = {isa = PBXFileReference; fileEncoding = 4; lastKnownFileType = sourcecode.c.c; name = stdlib.c; path = ../misc/stdlib.c; sourceTree = "<group>"; };
		039620631D564DAE00C0B838 /* strutil.c */ = {isa = PBXFileReference; fileEncoding = 4; lastKnownFileType = sourcecode.c.c; name = strutil.c; path = ../misc/strutil.c; sourceTree = "<group>"; };
		039620641D564DAE00C0B838 /* strutil.h */ = {isa = PBXFileReference; fileEncoding = 4; lastKnownFileType = sourcecode.c.h; name = strutil.h; path = ../misc/strutil.h; sourceTree = "<group>"; };
		039620651D564DAE00C0B838 /* types.h */ = {isa = PBXFileReference; fileEncoding = 4; lastKnownFileType = sourcecode.c.h; name = types.h; path = ../misc/types.h; sourceTree = "<group>"; };
/* End PBXFileReference section */

/* Begin PBXFrameworksBuildPhase section */
		0351D4B11C84FC460002F4FC /* Frameworks */ = {
			isa = PBXFrameworksBuildPhase;
			buildActionMask = 2147483647;
			files = (
			);
			runOnlyForDeploymentPostprocessing = 0;
		};
/* End PBXFrameworksBuildPhase section */

/* Begin PBXGroup section */
		0351D4AB1C84FC460002F4FC = {
			isa = PBXGroup;
			children = (
				0396206D1D564DB100C0B838 /* misc */,
				0351D4B51C84FC460002F4FC /* Products */,
			);
			sourceTree = "<group>";
		};
		0351D4B51C84FC460002F4FC /* Products */ = {
			isa = PBXGroup;
			children = (
				0351D4B41C84FC460002F4FC /* libmisc.a */,
			);
			name = Products;
			sourceTree = "<group>";
		};
		0396206D1D564DB100C0B838 /* misc */ = {
			isa = PBXGroup;
			children = (
				039620571D564DAE00C0B838 /* args.c */,
				039620581D564DAE00C0B838 /* args.h */,
				039620591D564DAE00C0B838 /* byteswap.c */,
				0396205A1D564DAE00C0B838 /* byteswap.h */,
				0396205B1D564DAE00C0B838 /* debug.h */,
				0396205C1D564DAE00C0B838 /* error.c */,
				0396205D1D564DAE00C0B838 /* fileutil.h */,
				0396205E1D564DAE00C0B838 /* hash.c */,
				0396205F1D564DAE00C0B838 /* hash.h */,
				039620601D564DAE00C0B838 /* parsarg.c */,
				039620611D564DAE00C0B838 /* parsarg.h */,
				039620621D564DAE00C0B838 /* stdlib.c */,
				039620631D564DAE00C0B838 /* strutil.c */,
				039620641D564DAE00C0B838 /* strutil.h */,
				039620651D564DAE00C0B838 /* types.h */,
			);
			name = misc;
			sourceTree = "<group>";
		};
/* End PBXGroup section */

/* Begin PBXNativeTarget section */
		0351D4B31C84FC460002F4FC /* misc */ = {
			isa = PBXNativeTarget;
			buildConfigurationList = 0351D4BD1C84FC460002F4FC /* Build configuration list for PBXNativeTarget "misc" */;
			buildPhases = (
				0351D4B01C84FC460002F4FC /* Sources */,
				0351D4B11C84FC460002F4FC /* Frameworks */,
				0351D4B21C84FC460002F4FC /* CopyFiles */,
			);
			buildRules = (
			);
			dependencies = (
			);
			name = misc;
			productName = MISC;
			productReference = 0351D4B41C84FC460002F4FC /* libmisc.a */;
			productType = "com.apple.product-type.library.static";
		};
/* End PBXNativeTarget section */

/* Begin PBXProject section */
		0351D4AC1C84FC460002F4FC /* Project object */ = {
			isa = PBXProject;
			attributes = {
				LastUpgradeCheck = 0720;
				ORGANIZATIONNAME = "Devin Tuchsen";
				TargetAttributes = {
					0351D4B31C84FC460002F4FC = {
						CreatedOnToolsVersion = 7.2;
						DevelopmentTeam = 6WGTX4TY92;
					};
				};
			};
			buildConfigurationList = 0351D4AF1C84FC460002F4FC /* Build configuration list for PBXProject "misc" */;
			compatibilityVersion = "Xcode 3.2";
			developmentRegion = English;
			hasScannedForEncodings = 0;
			knownRegions = (
				en,
			);
			mainGroup = 0351D4AB1C84FC460002F4FC;
			productRefGroup = 0351D4B51C84FC460002F4FC /* Products */;
			projectDirPath = "";
			projectRoot = "";
			targets = (
				0351D4B31C84FC460002F4FC /* misc */,
			);
		};
/* End PBXProject section */

/* Begin PBXSourcesBuildPhase section */
		0351D4B01C84FC460002F4FC /* Sources */ = {
			isa = PBXSourcesBuildPhase;
			buildActionMask = 2147483647;
			files = (
				039620681D564DAE00C0B838 /* error.c in Sources */,
				039620671D564DAE00C0B838 /* byteswap.c in Sources */,
				039620661D564DAE00C0B838 /* args.c in Sources */,
				0396206C1D564DAE00C0B838 /* strutil.c in Sources */,
				0396206B1D564DAE00C0B838 /* stdlib.c in Sources */,
				0396206A1D564DAE00C0B838 /* parsarg.c in Sources */,
				039620691D564DAE00C0B838 /* hash.c in Sources */,
			);
			runOnlyForDeploymentPostprocessing = 0;
		};
/* End PBXSourcesBuildPhase section */

/* Begin XCBuildConfiguration section */
		0351D4BB1C84FC460002F4FC /* Debug (Software) */ = {
			isa = XCBuildConfiguration;
			buildSettings = {
				ALWAYS_SEARCH_USER_PATHS = NO;
				CLANG_CXX_LANGUAGE_STANDARD = "gnu++0x";
				CLANG_CXX_LIBRARY = "libc++";
				CLANG_ENABLE_MODULES = YES;
				CLANG_ENABLE_OBJC_ARC = YES;
				CLANG_WARN_BOOL_CONVERSION = YES;
				CLANG_WARN_CONSTANT_CONVERSION = YES;
				CLANG_WARN_DIRECT_OBJC_ISA_USAGE = YES_ERROR;
				CLANG_WARN_EMPTY_BODY = YES;
				CLANG_WARN_ENUM_CONVERSION = YES;
				CLANG_WARN_INT_CONVERSION = YES;
				CLANG_WARN_OBJC_ROOT_CLASS = YES_ERROR;
				CLANG_WARN_UNREACHABLE_CODE = YES;
				CLANG_WARN__DUPLICATE_METHOD_MATCH = YES;
				"CODE_SIGN_IDENTITY[sdk=iphoneos*]" = "iPhone Developer";
				COPY_PHASE_STRIP = NO;
				DEBUG_INFORMATION_FORMAT = dwarf;
				ENABLE_STRICT_OBJC_MSGSEND = YES;
				ENABLE_TESTABILITY = YES;
				GCC_C_LANGUAGE_STANDARD = gnu99;
				GCC_DYNAMIC_NO_PIC = NO;
				GCC_NO_COMMON_BLOCKS = YES;
				GCC_OPTIMIZATION_LEVEL = 0;
				GCC_PREPROCESSOR_DEFINITIONS = (
					"DEBUG=1",
					"$(inherited)",
				);
				GCC_WARN_64_TO_32_BIT_CONVERSION = YES;
				GCC_WARN_ABOUT_RETURN_TYPE = YES_ERROR;
				GCC_WARN_UNDECLARED_SELECTOR = YES;
				GCC_WARN_UNINITIALIZED_AUTOS = YES_AGGRESSIVE;
				GCC_WARN_UNUSED_FUNCTION = YES;
				GCC_WARN_UNUSED_VARIABLE = YES;
				IPHONEOS_DEPLOYMENT_TARGET = 9.2;
				MTL_ENABLE_DEBUG_INFO = YES;
				ONLY_ACTIVE_ARCH = YES;
				SDKROOT = iphoneos;
			};
			name = "Debug (Software)";
		};
		0351D4BC1C84FC460002F4FC /* Release (Software) */ = {
			isa = XCBuildConfiguration;
			buildSettings = {
				ALWAYS_SEARCH_USER_PATHS = NO;
				CLANG_CXX_LANGUAGE_STANDARD = "gnu++0x";
				CLANG_CXX_LIBRARY = "libc++";
				CLANG_ENABLE_MODULES = YES;
				CLANG_ENABLE_OBJC_ARC = YES;
				CLANG_WARN_BOOL_CONVERSION = YES;
				CLANG_WARN_CONSTANT_CONVERSION = YES;
				CLANG_WARN_DIRECT_OBJC_ISA_USAGE = YES_ERROR;
				CLANG_WARN_EMPTY_BODY = YES;
				CLANG_WARN_ENUM_CONVERSION = YES;
				CLANG_WARN_INT_CONVERSION = YES;
				CLANG_WARN_OBJC_ROOT_CLASS = YES_ERROR;
				CLANG_WARN_UNREACHABLE_CODE = YES;
				CLANG_WARN__DUPLICATE_METHOD_MATCH = YES;
				"CODE_SIGN_IDENTITY[sdk=iphoneos*]" = "iPhone Developer";
				COPY_PHASE_STRIP = NO;
				DEBUG_INFORMATION_FORMAT = "dwarf-with-dsym";
				ENABLE_NS_ASSERTIONS = NO;
				ENABLE_STRICT_OBJC_MSGSEND = YES;
				GCC_C_LANGUAGE_STANDARD = gnu99;
				GCC_NO_COMMON_BLOCKS = YES;
				GCC_PREPROCESSOR_DEFINITIONS = (
					NDEBUG,
					RELEASE,
				);
				GCC_WARN_64_TO_32_BIT_CONVERSION = YES;
				GCC_WARN_ABOUT_RETURN_TYPE = YES_ERROR;
				GCC_WARN_UNDECLARED_SELECTOR = YES;
				GCC_WARN_UNINITIALIZED_AUTOS = YES_AGGRESSIVE;
				GCC_WARN_UNUSED_FUNCTION = YES;
				GCC_WARN_UNUSED_VARIABLE = YES;
				IPHONEOS_DEPLOYMENT_TARGET = 9.2;
				MTL_ENABLE_DEBUG_INFO = NO;
				SDKROOT = iphoneos;
				VALIDATE_PRODUCT = YES;
			};
			name = "Release (Software)";
		};
		0351D4BE1C84FC460002F4FC /* Debug (Software) */ = {
			isa = XCBuildConfiguration;
			buildSettings = {
				OTHER_LDFLAGS = "-ObjC";
				PRODUCT_NAME = misc;
				SKIP_INSTALL = YES;
				USER_HEADER_SEARCH_PATHS = "../pa_null ../io ../mem";
			};
			name = "Debug (Software)";
		};
		0351D4BF1C84FC460002F4FC /* Release (Software) */ = {
			isa = XCBuildConfiguration;
			buildSettings = {
				OTHER_LDFLAGS = "-ObjC";
				PRODUCT_NAME = misc;
				SKIP_INSTALL = YES;
				USER_HEADER_SEARCH_PATHS = "../pa_null ../io ../mem";
			};
			name = "Release (Software)";
		};
		03F1DD2C1C9F5796008AA444 /* Debug (OpenGL ES) */ = {
			isa = XCBuildConfiguration;
			buildSettings = {
				ALWAYS_SEARCH_USER_PATHS = NO;
				CLANG_CXX_LANGUAGE_STANDARD = "gnu++0x";
				CLANG_CXX_LIBRARY = "libc++";
				CLANG_ENABLE_MODULES = YES;
				CLANG_ENABLE_OBJC_ARC = YES;
				CLANG_WARN_BOOL_CONVERSION = YES;
				CLANG_WARN_CONSTANT_CONVERSION = YES;
				CLANG_WARN_DIRECT_OBJC_ISA_USAGE = YES_ERROR;
				CLANG_WARN_EMPTY_BODY = YES;
				CLANG_WARN_ENUM_CONVERSION = YES;
				CLANG_WARN_INT_CONVERSION = YES;
				CLANG_WARN_OBJC_ROOT_CLASS = YES_ERROR;
				CLANG_WARN_UNREACHABLE_CODE = YES;
				CLANG_WARN__DUPLICATE_METHOD_MATCH = YES;
				"CODE_SIGN_IDENTITY[sdk=iphoneos*]" = "iPhone Developer";
				COPY_PHASE_STRIP = NO;
				DEBUG_INFORMATION_FORMAT = dwarf;
				ENABLE_STRICT_OBJC_MSGSEND = YES;
				ENABLE_TESTABILITY = YES;
				GCC_C_LANGUAGE_STANDARD = gnu99;
				GCC_DYNAMIC_NO_PIC = NO;
				GCC_NO_COMMON_BLOCKS = YES;
				GCC_OPTIMIZATION_LEVEL = 0;
				GCC_PREPROCESSOR_DEFINITIONS = (
					"DEBUG=1",
					"$(inherited)",
					OGLES,
				);
				GCC_WARN_64_TO_32_BIT_CONVERSION = YES;
				GCC_WARN_ABOUT_RETURN_TYPE = YES_ERROR;
				GCC_WARN_UNDECLARED_SELECTOR = YES;
				GCC_WARN_UNINITIALIZED_AUTOS = YES_AGGRESSIVE;
				GCC_WARN_UNUSED_FUNCTION = YES;
				GCC_WARN_UNUSED_VARIABLE = YES;
				IPHONEOS_DEPLOYMENT_TARGET = 9.2;
				MTL_ENABLE_DEBUG_INFO = YES;
				ONLY_ACTIVE_ARCH = YES;
				SDKROOT = iphoneos;
			};
			name = "Debug (OpenGL ES)";
		};
		03F1DD2D1C9F5796008AA444 /* Debug (OpenGL ES) */ = {
			isa = XCBuildConfiguration;
			buildSettings = {
				OTHER_LDFLAGS = "-ObjC";
				PRODUCT_NAME = misc;
				SKIP_INSTALL = YES;
				USER_HEADER_SEARCH_PATHS = "../pa_null ../io ../mem";
			};
			name = "Debug (OpenGL ES)";
		};
		03F1DD2E1C9F579D008AA444 /* Release (OpenGL ES) */ = {
			isa = XCBuildConfiguration;
			buildSettings = {
				ALWAYS_SEARCH_USER_PATHS = NO;
				CLANG_CXX_LANGUAGE_STANDARD = "gnu++0x";
				CLANG_CXX_LIBRARY = "libc++";
				CLANG_ENABLE_MODULES = YES;
				CLANG_ENABLE_OBJC_ARC = YES;
				CLANG_WARN_BOOL_CONVERSION = YES;
				CLANG_WARN_CONSTANT_CONVERSION = YES;
				CLANG_WARN_DIRECT_OBJC_ISA_USAGE = YES_ERROR;
				CLANG_WARN_EMPTY_BODY = YES;
				CLANG_WARN_ENUM_CONVERSION = YES;
				CLANG_WARN_INT_CONVERSION = YES;
				CLANG_WARN_OBJC_ROOT_CLASS = YES_ERROR;
				CLANG_WARN_UNREACHABLE_CODE = YES;
				CLANG_WARN__DUPLICATE_METHOD_MATCH = YES;
				"CODE_SIGN_IDENTITY[sdk=iphoneos*]" = "iPhone Developer";
				COPY_PHASE_STRIP = NO;
				DEBUG_INFORMATION_FORMAT = "dwarf-with-dsym";
				ENABLE_NS_ASSERTIONS = NO;
				ENABLE_STRICT_OBJC_MSGSEND = YES;
				GCC_C_LANGUAGE_STANDARD = gnu99;
				GCC_NO_COMMON_BLOCKS = YES;
				GCC_PREPROCESSOR_DEFINITIONS = (
					OGLES,
					NDEBUG,
					RELEASE,
				);
				GCC_WARN_64_TO_32_BIT_CONVERSION = YES;
				GCC_WARN_ABOUT_RETURN_TYPE = YES_ERROR;
				GCC_WARN_UNDECLARED_SELECTOR = YES;
				GCC_WARN_UNINITIALIZED_AUTOS = YES_AGGRESSIVE;
				GCC_WARN_UNUSED_FUNCTION = YES;
				GCC_WARN_UNUSED_VARIABLE = YES;
				IPHONEOS_DEPLOYMENT_TARGET = 9.2;
				MTL_ENABLE_DEBUG_INFO = NO;
				SDKROOT = iphoneos;
				VALIDATE_PRODUCT = YES;
			};
			name = "Release (OpenGL ES)";
		};
		03F1DD2F1C9F579D008AA444 /* Release (OpenGL ES) */ = {
			isa = XCBuildConfiguration;
			buildSettings = {
				OTHER_LDFLAGS = "-ObjC";
				PRODUCT_NAME = misc;
				SKIP_INSTALL = YES;
				USER_HEADER_SEARCH_PATHS = "../pa_null ../io ../mem";
			};
			name = "Release (OpenGL ES)";
		};
/* End XCBuildConfiguration section */

/* Begin XCConfigurationList section */
		0351D4AF1C84FC460002F4FC /* Build configuration list for PBXProject "misc" */ = {
			isa = XCConfigurationList;
			buildConfigurations = (
				0351D4BB1C84FC460002F4FC /* Debug (Software) */,
				03F1DD2C1C9F5796008AA444 /* Debug (OpenGL ES) */,
				0351D4BC1C84FC460002F4FC /* Release (Software) */,
				03F1DD2E1C9F579D008AA444 /* Release (OpenGL ES) */,
			);
			defaultConfigurationIsVisible = 0;
			defaultConfigurationName = "Release (Software)";
		};
		0351D4BD1C84FC460002F4FC /* Build configuration list for PBXNativeTarget "misc" */ = {
			isa = XCConfigurationList;
			buildConfigurations = (
				0351D4BE1C84FC460002F4FC /* Debug (Software) */,
				03F1DD2D1C9F5796008AA444 /* Debug (OpenGL ES) */,
				0351D4BF1C84FC460002F4FC /* Release (Software) */,
				03F1DD2F1C9F579D008AA444 /* Release (OpenGL ES) */,
			);
			defaultConfigurationIsVisible = 0;
			defaultConfigurationName = "Release (Software)";
		};
/* End XCConfigurationList section */
	};
	rootObject = 0351D4AC1C84FC460002F4FC /* Project object */;
}
